// !$*UTF8*$!
{
	archiveVersion = 1;
	classes = {
	};
	objectVersion = 46;
	objects = {

/* Begin PBXBuildFile section */
		531CF183163D064A008F8AA7 /* UIImage+Cropping.h in Headers */ = {isa = PBXBuildFile; fileRef = 531CF181163D064A008F8AA7 /* UIImage+Cropping.h */; settings = {ATTRIBUTES = (Public, ); }; };
		531CF184163D064A008F8AA7 /* UIImage+Cropping.m in Sources */ = {isa = PBXBuildFile; fileRef = 531CF182163D064A008F8AA7 /* UIImage+Cropping.m */; };
		5339E1821635E93A007628C0 /* NSString+HasValue.h in Headers */ = {isa = PBXBuildFile; fileRef = 5339E1801635E93A007628C0 /* NSString+HasValue.h */; settings = {ATTRIBUTES = (Public, ); }; };
		5339E1831635E93A007628C0 /* NSString+HasValue.m in Sources */ = {isa = PBXBuildFile; fileRef = 5339E1811635E93A007628C0 /* NSString+HasValue.m */; };
		5339E20416360B9F007628C0 /* EX2Kit.m in Sources */ = {isa = PBXBuildFile; fileRef = 5339E20316360B9E007628C0 /* EX2Kit.m */; };
		5373A931162DD71F0016A019 /* EX2Kit.h in Headers */ = {isa = PBXBuildFile; fileRef = 53F15F71162B9FCA00C24FC1 /* EX2Kit.h */; settings = {ATTRIBUTES = (Public, ); }; };
		5373A932162DD71F0016A019 /* EX2Categories.h in Headers */ = {isa = PBXBuildFile; fileRef = 53F15EF7162B9FCA00C24FC1 /* EX2Categories.h */; settings = {ATTRIBUTES = (Public, ); }; };
		5373A933162DD71F0016A019 /* EX2FoundationCategories.h in Headers */ = {isa = PBXBuildFile; fileRef = 53F15EF9162B9FCA00C24FC1 /* EX2FoundationCategories.h */; settings = {ATTRIBUTES = (Public, ); }; };
		5373A934162DD71F0016A019 /* NSArray+Additions.h in Headers */ = {isa = PBXBuildFile; fileRef = 53F15EFB162B9FCA00C24FC1 /* NSArray+Additions.h */; settings = {ATTRIBUTES = (Public, ); }; };
		5373A935162DD71F0016A019 /* NSArray+FirstObject.h in Headers */ = {isa = PBXBuildFile; fileRef = 53F15EFC162B9FCA00C24FC1 /* NSArray+FirstObject.h */; settings = {ATTRIBUTES = (Public, ); }; };
		5373A936162DD71F0016A019 /* NSArray+Safe.h in Headers */ = {isa = PBXBuildFile; fileRef = 53F15EFE162B9FCA00C24FC1 /* NSArray+Safe.h */; settings = {ATTRIBUTES = (Public, ); }; };
		5373A937162DD71F0016A019 /* NSMutableArray+Safe.h in Headers */ = {isa = PBXBuildFile; fileRef = 53F15F00162B9FCA00C24FC1 /* NSMutableArray+Safe.h */; settings = {ATTRIBUTES = (Public, ); }; };
		5373A938162DD71F0016A019 /* NSData+AES128.h in Headers */ = {isa = PBXBuildFile; fileRef = 53F15F02162B9FCA00C24FC1 /* NSData+AES128.h */; settings = {ATTRIBUTES = (Public, ); }; };
		5373A939162DD71F0016A019 /* NSData+Base64.h in Headers */ = {isa = PBXBuildFile; fileRef = 53F15F04162B9FCA00C24FC1 /* NSData+Base64.h */; settings = {ATTRIBUTES = (Public, ); }; };
		5373A93A162DD71F0016A019 /* NSData+Gzip.h in Headers */ = {isa = PBXBuildFile; fileRef = 53F15F06162B9FCA00C24FC1 /* NSData+Gzip.h */; settings = {ATTRIBUTES = (Public, ); }; };
		5373A93B162DD71F0016A019 /* NSDate+UTC.h in Headers */ = {isa = PBXBuildFile; fileRef = 53F15F08162B9FCA00C24FC1 /* NSDate+UTC.h */; settings = {ATTRIBUTES = (Public, ); }; };
		5373A93C162DD71F0016A019 /* NSMutableDictionary+Safe.h in Headers */ = {isa = PBXBuildFile; fileRef = 53F15F0A162B9FCA00C24FC1 /* NSMutableDictionary+Safe.h */; settings = {ATTRIBUTES = (Public, ); }; };
		5373A93D162DD71F0016A019 /* NSNotificationCenter+MainThread.h in Headers */ = {isa = PBXBuildFile; fileRef = 53F15F0C162B9FCA00C24FC1 /* NSNotificationCenter+MainThread.h */; settings = {ATTRIBUTES = (Public, ); }; };
		5373A93E162DD71F0016A019 /* NSObject+ListMethods.h in Headers */ = {isa = PBXBuildFile; fileRef = 53F15F0E162B9FCA00C24FC1 /* NSObject+ListMethods.h */; settings = {ATTRIBUTES = (Public, ); }; };
		5373A93F162DD71F0016A019 /* GTMDefines.h in Headers */ = {isa = PBXBuildFile; fileRef = 53F15F11162B9FCA00C24FC1 /* GTMDefines.h */; settings = {ATTRIBUTES = (Public, ); }; };
		5373A940162DD71F0016A019 /* GTMNSString+HTML.h in Headers */ = {isa = PBXBuildFile; fileRef = 53F15F12162B9FCA00C24FC1 /* GTMNSString+HTML.h */; settings = {ATTRIBUTES = (Public, ); }; };
		5373A941162DD71F0016A019 /* NSString+Additions.h in Headers */ = {isa = PBXBuildFile; fileRef = 53F15F14162B9FCA00C24FC1 /* NSString+Additions.h */; settings = {ATTRIBUTES = (Public, ); }; };
		5373A942162DD71F0016A019 /* NSString+Clean.h in Headers */ = {isa = PBXBuildFile; fileRef = 53F15F15162B9FCA00C24FC1 /* NSString+Clean.h */; settings = {ATTRIBUTES = (Public, ); }; };
		5373A943162DD71F0016A019 /* NSString+compareWithoutIndefiniteArticles.h in Headers */ = {isa = PBXBuildFile; fileRef = 53F15F17162B9FCA00C24FC1 /* NSString+compareWithoutIndefiniteArticles.h */; settings = {ATTRIBUTES = (Public, ); }; };
		5373A944162DD71F0016A019 /* NSString+cStringUTF8.h in Headers */ = {isa = PBXBuildFile; fileRef = 53F15F19162B9FCA00C24FC1 /* NSString+cStringUTF8.h */; settings = {ATTRIBUTES = (Public, ); }; };
		5373A945162DD71F0016A019 /* NSString+FileSize.h in Headers */ = {isa = PBXBuildFile; fileRef = 53F15F1B162B9FCA00C24FC1 /* NSString+FileSize.h */; settings = {ATTRIBUTES = (Public, ); }; };
		5373A946162DD71F0016A019 /* NSString+Gzip.h in Headers */ = {isa = PBXBuildFile; fileRef = 53F15F1D162B9FCA00C24FC1 /* NSString+Gzip.h */; settings = {ATTRIBUTES = (Public, ); }; };
		5373A947162DD71F0016A019 /* NSString+hex.h in Headers */ = {isa = PBXBuildFile; fileRef = 53F15F1F162B9FCA00C24FC1 /* NSString+hex.h */; settings = {ATTRIBUTES = (Public, ); }; };
		5373A948162DD71F0016A019 /* NSString+md5.h in Headers */ = {isa = PBXBuildFile; fileRef = 53F15F21162B9FCA00C24FC1 /* NSString+md5.h */; settings = {ATTRIBUTES = (Public, ); }; };
		5373A949162DD71F0016A019 /* NSString+rfcEncode.h in Headers */ = {isa = PBXBuildFile; fileRef = 53F15F23162B9FCA00C24FC1 /* NSString+rfcEncode.h */; settings = {ATTRIBUTES = (Public, ); }; };
		5373A94A162DD71F0016A019 /* NSString+SHA1.h in Headers */ = {isa = PBXBuildFile; fileRef = 53F15F25162B9FCA00C24FC1 /* NSString+SHA1.h */; settings = {ATTRIBUTES = (Public, ); }; };
		5373A94B162DD71F0016A019 /* NSString+time.h in Headers */ = {isa = PBXBuildFile; fileRef = 53F15F27162B9FCA00C24FC1 /* NSString+time.h */; settings = {ATTRIBUTES = (Public, ); }; };
		5373A94C162DD71F0016A019 /* NSString+TrimmingAdditions.h in Headers */ = {isa = PBXBuildFile; fileRef = 53F15F29162B9FCA00C24FC1 /* NSString+TrimmingAdditions.h */; settings = {ATTRIBUTES = (Public, ); }; };
		5373A94D162DD71F0016A019 /* NSString+URLEncode.h in Headers */ = {isa = PBXBuildFile; fileRef = 53F15F2B162B9FCA00C24FC1 /* NSString+URLEncode.h */; settings = {ATTRIBUTES = (Public, ); }; };
		5373A94E162DD71F0016A019 /* NSString+Validation.h in Headers */ = {isa = PBXBuildFile; fileRef = 53F15F2D162B9FCA00C24FC1 /* NSString+Validation.h */; settings = {ATTRIBUTES = (Public, ); }; };
		5373A94F162DD71F0016A019 /* EX2QuartzCoreCategories.h in Headers */ = {isa = PBXBuildFile; fileRef = 53F15F34162B9FCA00C24FC1 /* EX2QuartzCoreCategories.h */; settings = {ATTRIBUTES = (Public, ); }; };
		5373A950162DD71F0016A019 /* CALayer+ImageFromLayer.h in Headers */ = {isa = PBXBuildFile; fileRef = 53F15F30162B9FCA00C24FC1 /* CALayer+ImageFromLayer.h */; settings = {ATTRIBUTES = (Public, ); }; };
		5373A951162DD71F0016A019 /* CALayer+SublayerWithName.h in Headers */ = {isa = PBXBuildFile; fileRef = 53F15F32162B9FCA00C24FC1 /* CALayer+SublayerWithName.h */; settings = {ATTRIBUTES = (Public, ); }; };
		5373A952162DD71F0016A019 /* EX2UIKitCategories.h in Headers */ = {isa = PBXBuildFile; fileRef = 53F15F36162B9FCA00C24FC1 /* EX2UIKitCategories.h */; settings = {ATTRIBUTES = (Public, ); }; };
		5373A953162DD71F0016A019 /* UIBezierPath+Smoothing.h in Headers */ = {isa = PBXBuildFile; fileRef = 53F15F37162B9FCA00C24FC1 /* UIBezierPath+Smoothing.h */; settings = {ATTRIBUTES = (Public, ); }; };
		5373A954162DD71F0016A019 /* UIColor+ColorWithHex.h in Headers */ = {isa = PBXBuildFile; fileRef = 53F15F39162B9FCA00C24FC1 /* UIColor+ColorWithHex.h */; settings = {ATTRIBUTES = (Public, ); }; };
		5373A955162DD71F0016A019 /* UIDevice+Hardware.h in Headers */ = {isa = PBXBuildFile; fileRef = 53F15F3B162B9FCA00C24FC1 /* UIDevice+Hardware.h */; settings = {ATTRIBUTES = (Public, ); }; };
		5373A956162DD71F0016A019 /* UIDevice+Software.h in Headers */ = {isa = PBXBuildFile; fileRef = 53F15F3D162B9FCA00C24FC1 /* UIDevice+Software.h */; settings = {ATTRIBUTES = (Public, ); }; };
		5373A957162DD71F0016A019 /* UIImage+CustomStretch.h in Headers */ = {isa = PBXBuildFile; fileRef = 53F15F3F162B9FCA00C24FC1 /* UIImage+CustomStretch.h */; settings = {ATTRIBUTES = (Public, ); }; };
		5373A958162DD71F0016A019 /* UIImage+Tint.h in Headers */ = {isa = PBXBuildFile; fileRef = 53F15F41162B9FCA00C24FC1 /* UIImage+Tint.h */; settings = {ATTRIBUTES = (Public, ); }; };
		5373A959162DD71F0016A019 /* UIImageView+Reflection.h in Headers */ = {isa = PBXBuildFile; fileRef = 53F15F43162B9FCA00C24FC1 /* UIImageView+Reflection.h */; settings = {ATTRIBUTES = (Public, ); }; };
		5373A95A162DD71F0016A019 /* UITableView+Shadows.h in Headers */ = {isa = PBXBuildFile; fileRef = 53F15F45162B9FCA00C24FC1 /* UITableView+Shadows.h */; settings = {ATTRIBUTES = (Public, ); }; };
		5373A95B162DD71F0016A019 /* UIView+Tools.h in Headers */ = {isa = PBXBuildFile; fileRef = 53F15F47162B9FCA00C24FC1 /* UIView+Tools.h */; settings = {ATTRIBUTES = (Public, ); }; };
		5373A95C162DD71F0016A019 /* UIViewController+IsVisible.h in Headers */ = {isa = PBXBuildFile; fileRef = 53F15F49162B9FCA00C24FC1 /* UIViewController+IsVisible.h */; settings = {ATTRIBUTES = (Public, ); }; };
		5373A95D162DD7430016A019 /* EX2Components.h in Headers */ = {isa = PBXBuildFile; fileRef = 53F15F4C162B9FCA00C24FC1 /* EX2Components.h */; settings = {ATTRIBUTES = (Public, ); }; };
		5373A95E162DD7430016A019 /* EX2FileDecryptor.h in Headers */ = {isa = PBXBuildFile; fileRef = 53F15F4D162B9FCA00C24FC1 /* EX2FileDecryptor.h */; settings = {ATTRIBUTES = (Public, ); }; };
		5373A95F162DD7430016A019 /* EX2FileEncryptor.h in Headers */ = {isa = PBXBuildFile; fileRef = 53F15F4F162B9FCA00C24FC1 /* EX2FileEncryptor.h */; settings = {ATTRIBUTES = (Public, ); }; };
		5373A960162DD7430016A019 /* EX2NetworkIndicator.h in Headers */ = {isa = PBXBuildFile; fileRef = 53F15F51162B9FCA00C24FC1 /* EX2NetworkIndicator.h */; settings = {ATTRIBUTES = (Public, ); }; };
		5373A961162DD7430016A019 /* EX2Reachability.h in Headers */ = {isa = PBXBuildFile; fileRef = 53F15F53162B9FCA00C24FC1 /* EX2Reachability.h */; settings = {ATTRIBUTES = (Public, ); }; };
		5373A962162DD7430016A019 /* EX2RingBuffer.h in Headers */ = {isa = PBXBuildFile; fileRef = 53F15F55162B9FCA00C24FC1 /* EX2RingBuffer.h */; settings = {ATTRIBUTES = (Public, ); }; };
		5373A963162DD7430016A019 /* EX2SimpleConnectionQueue.h in Headers */ = {isa = PBXBuildFile; fileRef = 53F15F57162B9FCA00C24FC1 /* EX2SimpleConnectionQueue.h */; settings = {ATTRIBUTES = (Public, ); }; };
		5373A964162DD7430016A019 /* EX2Macros.h in Headers */ = {isa = PBXBuildFile; fileRef = 53F15F73162B9FCA00C24FC1 /* EX2Macros.h */; settings = {ATTRIBUTES = (Public, ); }; };
		5373A965162DD7430016A019 /* EX2Static.h in Headers */ = {isa = PBXBuildFile; fileRef = 53F15F77162B9FCA00C24FC1 /* EX2Static.h */; settings = {ATTRIBUTES = (Public, ); }; };
		5373A966162DD7430016A019 /* EX2Dispatch.h in Headers */ = {isa = PBXBuildFile; fileRef = 53F15F75162B9FCA00C24FC1 /* EX2Dispatch.h */; settings = {ATTRIBUTES = (Public, ); }; };
		5373A967162DD7430016A019 /* EX2UIComponents.h in Headers */ = {isa = PBXBuildFile; fileRef = 53F15F84162B9FCA00C24FC1 /* EX2UIComponents.h */; settings = {ATTRIBUTES = (Public, ); }; };
		5373A968162DD7430016A019 /* EX2NavigationController.h in Headers */ = {isa = PBXBuildFile; fileRef = 53F15F79162B9FCA00C24FC1 /* EX2NavigationController.h */; settings = {ATTRIBUTES = (Public, ); }; };
		5373A969162DD7430016A019 /* EX2NotificationBar.h in Headers */ = {isa = PBXBuildFile; fileRef = 53F15F7B162B9FCA00C24FC1 /* EX2NotificationBar.h */; settings = {ATTRIBUTES = (Public, ); }; };
		5373A96A162DD7430016A019 /* EX2SlidingNotification.h in Headers */ = {isa = PBXBuildFile; fileRef = 53F15F7E162B9FCA00C24FC1 /* EX2SlidingNotification.h */; settings = {ATTRIBUTES = (Public, ); }; };
		5373A96B162DD7430016A019 /* EX2TabBarController.h in Headers */ = {isa = PBXBuildFile; fileRef = 53F15F81162B9FCA00C24FC1 /* EX2TabBarController.h */; settings = {ATTRIBUTES = (Public, ); }; };
		5373A96C162DD7430016A019 /* SnappySlider.h in Headers */ = {isa = PBXBuildFile; fileRef = 53F15F85162B9FCA00C24FC1 /* SnappySlider.h */; settings = {ATTRIBUTES = (Public, ); }; };
		5373A96D162DD7430016A019 /* CommonKeyDerivation.h in Headers */ = {isa = PBXBuildFile; fileRef = 53F15F5B162B9FCA00C24FC1 /* CommonKeyDerivation.h */; settings = {ATTRIBUTES = (Public, ); }; };
		5373A96E162DD7430016A019 /* CommonKeyDerivationPriv.h in Headers */ = {isa = PBXBuildFile; fileRef = 53F15F5C162B9FCA00C24FC1 /* CommonKeyDerivationPriv.h */; settings = {ATTRIBUTES = (Public, ); }; };
		5373A96F162DD7430016A019 /* CocoaLumberjack.h in Headers */ = {isa = PBXBuildFile; fileRef = 53F15F5E162B9FCA00C24FC1 /* CocoaLumberjack.h */; settings = {ATTRIBUTES = (Public, ); }; };
		5373A970162DD7430016A019 /* DDAbstractDatabaseLogger.h in Headers */ = {isa = PBXBuildFile; fileRef = 53F15F5F162B9FCA00C24FC1 /* DDAbstractDatabaseLogger.h */; settings = {ATTRIBUTES = (Public, ); }; };
		5373A971162DD7430016A019 /* DDASLLogger.h in Headers */ = {isa = PBXBuildFile; fileRef = 53F15F61162B9FCA00C24FC1 /* DDASLLogger.h */; settings = {ATTRIBUTES = (Public, ); }; };
		5373A972162DD7430016A019 /* DDFileLogger.h in Headers */ = {isa = PBXBuildFile; fileRef = 53F15F63162B9FCA00C24FC1 /* DDFileLogger.h */; settings = {ATTRIBUTES = (Public, ); }; };
		5373A973162DD7430016A019 /* DDLog.h in Headers */ = {isa = PBXBuildFile; fileRef = 53F15F65162B9FCA00C24FC1 /* DDLog.h */; settings = {ATTRIBUTES = (Public, ); }; };
		5373A974162DD7430016A019 /* DDTTYLogger.h in Headers */ = {isa = PBXBuildFile; fileRef = 53F15F67162B9FCA00C24FC1 /* DDTTYLogger.h */; settings = {ATTRIBUTES = (Public, ); }; };
		5373A975162DD7430016A019 /* ContextFilterLogFormatter.h in Headers */ = {isa = PBXBuildFile; fileRef = 53F15F6A162B9FCA00C24FC1 /* ContextFilterLogFormatter.h */; settings = {ATTRIBUTES = (Public, ); }; };
		5373A976162DD7430016A019 /* DispatchQueueLogFormatter.h in Headers */ = {isa = PBXBuildFile; fileRef = 53F15F6C162B9FCA00C24FC1 /* DispatchQueueLogFormatter.h */; settings = {ATTRIBUTES = (Public, ); }; };
		5373A977162DD7430016A019 /* RNCryptor.h in Headers */ = {isa = PBXBuildFile; fileRef = 53F15F6F162B9FCA00C24FC1 /* RNCryptor.h */; settings = {ATTRIBUTES = (Public, ); }; };
		53F15EDA162B9F1B00C24FC1 /* Foundation.framework in Frameworks */ = {isa = PBXBuildFile; fileRef = 53F15ED9162B9F1B00C24FC1 /* Foundation.framework */; };
		53F15EEB162B9F6800C24FC1 /* CoreFoundation.framework in Frameworks */ = {isa = PBXBuildFile; fileRef = 53F15EEA162B9F6800C24FC1 /* CoreFoundation.framework */; };
		53F15EF1162B9F6800C24FC1 /* InfoPlist.strings in Resources */ = {isa = PBXBuildFile; fileRef = 53F15EEF162B9F6800C24FC1 /* InfoPlist.strings */; };
		53F15F87162B9FCA00C24FC1 /* NSArray+FirstObject.m in Sources */ = {isa = PBXBuildFile; fileRef = 53F15EFD162B9FCA00C24FC1 /* NSArray+FirstObject.m */; };
		53F15F88162B9FCA00C24FC1 /* NSArray+Safe.m in Sources */ = {isa = PBXBuildFile; fileRef = 53F15EFF162B9FCA00C24FC1 /* NSArray+Safe.m */; };
		53F15F89162B9FCA00C24FC1 /* NSMutableArray+Safe.m in Sources */ = {isa = PBXBuildFile; fileRef = 53F15F01162B9FCA00C24FC1 /* NSMutableArray+Safe.m */; };
		53F15F8A162B9FCA00C24FC1 /* NSData+AES128.m in Sources */ = {isa = PBXBuildFile; fileRef = 53F15F03162B9FCA00C24FC1 /* NSData+AES128.m */; };
		53F15F8B162B9FCA00C24FC1 /* NSData+Base64.m in Sources */ = {isa = PBXBuildFile; fileRef = 53F15F05162B9FCA00C24FC1 /* NSData+Base64.m */; };
		53F15F8C162B9FCA00C24FC1 /* NSData+Gzip.m in Sources */ = {isa = PBXBuildFile; fileRef = 53F15F07162B9FCA00C24FC1 /* NSData+Gzip.m */; };
		53F15F8D162B9FCA00C24FC1 /* NSDate+UTC.m in Sources */ = {isa = PBXBuildFile; fileRef = 53F15F09162B9FCA00C24FC1 /* NSDate+UTC.m */; };
		53F15F8E162B9FCA00C24FC1 /* NSMutableDictionary+Safe.m in Sources */ = {isa = PBXBuildFile; fileRef = 53F15F0B162B9FCA00C24FC1 /* NSMutableDictionary+Safe.m */; };
		53F15F8F162B9FCA00C24FC1 /* NSNotificationCenter+MainThread.m in Sources */ = {isa = PBXBuildFile; fileRef = 53F15F0D162B9FCA00C24FC1 /* NSNotificationCenter+MainThread.m */; };
		53F15F90162B9FCA00C24FC1 /* NSObject+ListMethods.m in Sources */ = {isa = PBXBuildFile; fileRef = 53F15F0F162B9FCA00C24FC1 /* NSObject+ListMethods.m */; };
		53F15F91162B9FCA00C24FC1 /* GTMNSString+HTML.m in Sources */ = {isa = PBXBuildFile; fileRef = 53F15F13162B9FCA00C24FC1 /* GTMNSString+HTML.m */; };
		53F15F92162B9FCA00C24FC1 /* NSString+Clean.m in Sources */ = {isa = PBXBuildFile; fileRef = 53F15F16162B9FCA00C24FC1 /* NSString+Clean.m */; };
		53F15F93162B9FCA00C24FC1 /* NSString+compareWithoutIndefiniteArticles.m in Sources */ = {isa = PBXBuildFile; fileRef = 53F15F18162B9FCA00C24FC1 /* NSString+compareWithoutIndefiniteArticles.m */; };
		53F15F94162B9FCA00C24FC1 /* NSString+cStringUTF8.m in Sources */ = {isa = PBXBuildFile; fileRef = 53F15F1A162B9FCA00C24FC1 /* NSString+cStringUTF8.m */; };
		53F15F95162B9FCA00C24FC1 /* NSString+FileSize.m in Sources */ = {isa = PBXBuildFile; fileRef = 53F15F1C162B9FCA00C24FC1 /* NSString+FileSize.m */; };
		53F15F96162B9FCA00C24FC1 /* NSString+Gzip.m in Sources */ = {isa = PBXBuildFile; fileRef = 53F15F1E162B9FCA00C24FC1 /* NSString+Gzip.m */; };
		53F15F97162B9FCA00C24FC1 /* NSString+hex.m in Sources */ = {isa = PBXBuildFile; fileRef = 53F15F20162B9FCA00C24FC1 /* NSString+hex.m */; };
		53F15F98162B9FCA00C24FC1 /* NSString+md5.m in Sources */ = {isa = PBXBuildFile; fileRef = 53F15F22162B9FCA00C24FC1 /* NSString+md5.m */; };
		53F15F99162B9FCA00C24FC1 /* NSString+rfcEncode.m in Sources */ = {isa = PBXBuildFile; fileRef = 53F15F24162B9FCA00C24FC1 /* NSString+rfcEncode.m */; };
		53F15F9A162B9FCA00C24FC1 /* NSString+SHA1.m in Sources */ = {isa = PBXBuildFile; fileRef = 53F15F26162B9FCA00C24FC1 /* NSString+SHA1.m */; };
		53F15F9B162B9FCA00C24FC1 /* NSString+time.m in Sources */ = {isa = PBXBuildFile; fileRef = 53F15F28162B9FCA00C24FC1 /* NSString+time.m */; };
		53F15F9C162B9FCA00C24FC1 /* NSString+TrimmingAdditions.m in Sources */ = {isa = PBXBuildFile; fileRef = 53F15F2A162B9FCA00C24FC1 /* NSString+TrimmingAdditions.m */; };
		53F15F9D162B9FCA00C24FC1 /* NSString+URLEncode.m in Sources */ = {isa = PBXBuildFile; fileRef = 53F15F2C162B9FCA00C24FC1 /* NSString+URLEncode.m */; };
		53F15F9E162B9FCA00C24FC1 /* NSString+Validation.m in Sources */ = {isa = PBXBuildFile; fileRef = 53F15F2E162B9FCA00C24FC1 /* NSString+Validation.m */; };
		53F15F9F162B9FCA00C24FC1 /* CALayer+ImageFromLayer.m in Sources */ = {isa = PBXBuildFile; fileRef = 53F15F31162B9FCA00C24FC1 /* CALayer+ImageFromLayer.m */; };
		53F15FA0162B9FCA00C24FC1 /* CALayer+SublayerWithName.m in Sources */ = {isa = PBXBuildFile; fileRef = 53F15F33162B9FCA00C24FC1 /* CALayer+SublayerWithName.m */; };
		53F15FA1162B9FCA00C24FC1 /* UIBezierPath+Smoothing.m in Sources */ = {isa = PBXBuildFile; fileRef = 53F15F38162B9FCA00C24FC1 /* UIBezierPath+Smoothing.m */; };
		53F15FA2162B9FCA00C24FC1 /* UIColor+ColorWithHex.m in Sources */ = {isa = PBXBuildFile; fileRef = 53F15F3A162B9FCA00C24FC1 /* UIColor+ColorWithHex.m */; };
		53F15FA3162B9FCA00C24FC1 /* UIDevice+Hardware.m in Sources */ = {isa = PBXBuildFile; fileRef = 53F15F3C162B9FCA00C24FC1 /* UIDevice+Hardware.m */; settings = {COMPILER_FLAGS = "-fno-objc-arc"; }; };
		53F15FA4162B9FCA00C24FC1 /* UIDevice+Software.m in Sources */ = {isa = PBXBuildFile; fileRef = 53F15F3E162B9FCA00C24FC1 /* UIDevice+Software.m */; };
		53F15FA5162B9FCA00C24FC1 /* UIImage+CustomStretch.m in Sources */ = {isa = PBXBuildFile; fileRef = 53F15F40162B9FCA00C24FC1 /* UIImage+CustomStretch.m */; };
		53F15FA6162B9FCA00C24FC1 /* UIImage+Tint.m in Sources */ = {isa = PBXBuildFile; fileRef = 53F15F42162B9FCA00C24FC1 /* UIImage+Tint.m */; };
		53F15FA7162B9FCA00C24FC1 /* UIImageView+Reflection.m in Sources */ = {isa = PBXBuildFile; fileRef = 53F15F44162B9FCA00C24FC1 /* UIImageView+Reflection.m */; };
		53F15FA8162B9FCA00C24FC1 /* UITableView+Shadows.m in Sources */ = {isa = PBXBuildFile; fileRef = 53F15F46162B9FCA00C24FC1 /* UITableView+Shadows.m */; };
		53F15FA9162B9FCA00C24FC1 /* UIView+Tools.m in Sources */ = {isa = PBXBuildFile; fileRef = 53F15F48162B9FCA00C24FC1 /* UIView+Tools.m */; };
		53F15FAA162B9FCA00C24FC1 /* UIViewController+IsVisible.m in Sources */ = {isa = PBXBuildFile; fileRef = 53F15F4A162B9FCA00C24FC1 /* UIViewController+IsVisible.m */; };
		53F15FAB162B9FCA00C24FC1 /* EX2FileDecryptor.m in Sources */ = {isa = PBXBuildFile; fileRef = 53F15F4E162B9FCA00C24FC1 /* EX2FileDecryptor.m */; };
		53F15FAC162B9FCA00C24FC1 /* EX2FileEncryptor.m in Sources */ = {isa = PBXBuildFile; fileRef = 53F15F50162B9FCA00C24FC1 /* EX2FileEncryptor.m */; };
		53F15FAD162B9FCA00C24FC1 /* EX2NetworkIndicator.m in Sources */ = {isa = PBXBuildFile; fileRef = 53F15F52162B9FCA00C24FC1 /* EX2NetworkIndicator.m */; };
		53F15FAE162B9FCA00C24FC1 /* EX2Reachability.m in Sources */ = {isa = PBXBuildFile; fileRef = 53F15F54162B9FCA00C24FC1 /* EX2Reachability.m */; settings = {COMPILER_FLAGS = "-fno-objc-arc"; }; };
		53F15FAF162B9FCA00C24FC1 /* EX2RingBuffer.m in Sources */ = {isa = PBXBuildFile; fileRef = 53F15F56162B9FCA00C24FC1 /* EX2RingBuffer.m */; };
		53F15FB0162B9FCA00C24FC1 /* EX2SimpleConnectionQueue.m in Sources */ = {isa = PBXBuildFile; fileRef = 53F15F58162B9FCA00C24FC1 /* EX2SimpleConnectionQueue.m */; };
		53F15FB1162B9FCA00C24FC1 /* CommonKeyDerivation.c in Sources */ = {isa = PBXBuildFile; fileRef = 53F15F5A162B9FCA00C24FC1 /* CommonKeyDerivation.c */; };
		53F15FB2162B9FCA00C24FC1 /* DDAbstractDatabaseLogger.m in Sources */ = {isa = PBXBuildFile; fileRef = 53F15F60162B9FCA00C24FC1 /* DDAbstractDatabaseLogger.m */; };
		53F15FB3162B9FCA00C24FC1 /* DDASLLogger.m in Sources */ = {isa = PBXBuildFile; fileRef = 53F15F62162B9FCA00C24FC1 /* DDASLLogger.m */; };
		53F15FB4162B9FCA00C24FC1 /* DDFileLogger.m in Sources */ = {isa = PBXBuildFile; fileRef = 53F15F64162B9FCA00C24FC1 /* DDFileLogger.m */; };
		53F15FB5162B9FCA00C24FC1 /* DDLog.m in Sources */ = {isa = PBXBuildFile; fileRef = 53F15F66162B9FCA00C24FC1 /* DDLog.m */; };
		53F15FB6162B9FCA00C24FC1 /* DDTTYLogger.m in Sources */ = {isa = PBXBuildFile; fileRef = 53F15F68162B9FCA00C24FC1 /* DDTTYLogger.m */; };
		53F15FB7162B9FCA00C24FC1 /* ContextFilterLogFormatter.m in Sources */ = {isa = PBXBuildFile; fileRef = 53F15F6B162B9FCA00C24FC1 /* ContextFilterLogFormatter.m */; };
		53F15FB8162B9FCA00C24FC1 /* DispatchQueueLogFormatter.m in Sources */ = {isa = PBXBuildFile; fileRef = 53F15F6D162B9FCA00C24FC1 /* DispatchQueueLogFormatter.m */; };
		53F15FB9162B9FCA00C24FC1 /* RNCryptor.m in Sources */ = {isa = PBXBuildFile; fileRef = 53F15F70162B9FCA00C24FC1 /* RNCryptor.m */; };
		53F15FBA162B9FCA00C24FC1 /* EX2Dispatch.m in Sources */ = {isa = PBXBuildFile; fileRef = 53F15F76162B9FCA00C24FC1 /* EX2Dispatch.m */; };
		53F15FBB162B9FCA00C24FC1 /* EX2NavigationController.m in Sources */ = {isa = PBXBuildFile; fileRef = 53F15F7A162B9FCA00C24FC1 /* EX2NavigationController.m */; };
		53F15FBC162B9FCA00C24FC1 /* EX2NotificationBar.m in Sources */ = {isa = PBXBuildFile; fileRef = 53F15F7C162B9FCA00C24FC1 /* EX2NotificationBar.m */; };
		53F15FBD162B9FCA00C24FC1 /* EX2SlidingNotification.m in Sources */ = {isa = PBXBuildFile; fileRef = 53F15F7F162B9FCA00C24FC1 /* EX2SlidingNotification.m */; };
		53F15FBE162B9FCA00C24FC1 /* EX2TabBarController.m in Sources */ = {isa = PBXBuildFile; fileRef = 53F15F82162B9FCA00C24FC1 /* EX2TabBarController.m */; };
		53F15FBF162B9FCA00C24FC1 /* SnappySlider.m in Sources */ = {isa = PBXBuildFile; fileRef = 53F15F86162B9FCA00C24FC1 /* SnappySlider.m */; };
		53F15FC0162BA05A00C24FC1 /* EX2NotificationBar.xib in Resources */ = {isa = PBXBuildFile; fileRef = 53F15F7D162B9FCA00C24FC1 /* EX2NotificationBar.xib */; };
		53F15FC1162BA05A00C24FC1 /* EX2SlidingNotification.xib in Resources */ = {isa = PBXBuildFile; fileRef = 53F15F80162B9FCA00C24FC1 /* EX2SlidingNotification.xib */; };
		53F15FC2162BA05A00C24FC1 /* EX2TabBarController.xib in Resources */ = {isa = PBXBuildFile; fileRef = 53F15F83162B9FCA00C24FC1 /* EX2TabBarController.xib */; };
/* End PBXBuildFile section */

/* Begin PBXCopyFilesBuildPhase section */
		53F15ED5162B9F1B00C24FC1 /* CopyFiles */ = {
			isa = PBXCopyFilesBuildPhase;
			buildActionMask = 2147483647;
			dstPath = "include/${PRODUCT_NAME}";
			dstSubfolderSpec = 16;
			files = (
			);
			runOnlyForDeploymentPostprocessing = 0;
		};
/* End PBXCopyFilesBuildPhase section */

/* Begin PBXFileReference section */
		531CF181163D064A008F8AA7 /* UIImage+Cropping.h */ = {isa = PBXFileReference; fileEncoding = 4; lastKnownFileType = sourcecode.c.h; path = "UIImage+Cropping.h"; sourceTree = "<group>"; };
		531CF182163D064A008F8AA7 /* UIImage+Cropping.m */ = {isa = PBXFileReference; fileEncoding = 4; lastKnownFileType = sourcecode.c.objc; path = "UIImage+Cropping.m"; sourceTree = "<group>"; };
		5339E1801635E93A007628C0 /* NSString+HasValue.h */ = {isa = PBXFileReference; fileEncoding = 4; lastKnownFileType = sourcecode.c.h; path = "NSString+HasValue.h"; sourceTree = "<group>"; };
		5339E1811635E93A007628C0 /* NSString+HasValue.m */ = {isa = PBXFileReference; fileEncoding = 4; lastKnownFileType = sourcecode.c.objc; path = "NSString+HasValue.m"; sourceTree = "<group>"; };
		5339E20316360B9E007628C0 /* EX2Kit.m */ = {isa = PBXFileReference; fileEncoding = 4; lastKnownFileType = sourcecode.c.objc; path = EX2Kit.m; sourceTree = "<group>"; };
		53D44EA715AA56C700CDD3B8 /* EX2Kit-Info.plist */ = {isa = PBXFileReference; lastKnownFileType = text.plist.xml; path = "EX2Kit-Info.plist"; sourceTree = "<group>"; };
		53D44EA915AA56C700CDD3B8 /* en */ = {isa = PBXFileReference; lastKnownFileType = text.plist.strings; name = en; path = en.lproj/InfoPlist.strings; sourceTree = "<group>"; };
		53D44EAB15AA56C700CDD3B8 /* EX2Kit-Prefix.pch */ = {isa = PBXFileReference; lastKnownFileType = sourcecode.c.h; path = "EX2Kit-Prefix.pch"; sourceTree = "<group>"; };
		53F15ED7162B9F1B00C24FC1 /* libEX2Kit.a */ = {isa = PBXFileReference; explicitFileType = archive.ar; includeInIndex = 0; path = libEX2Kit.a; sourceTree = BUILT_PRODUCTS_DIR; };
		53F15ED9162B9F1B00C24FC1 /* Foundation.framework */ = {isa = PBXFileReference; lastKnownFileType = wrapper.framework; name = Foundation.framework; path = System/Library/Frameworks/Foundation.framework; sourceTree = SDKROOT; };
		53F15EE9162B9F6800C24FC1 /* EX2KitResources.bundle */ = {isa = PBXFileReference; explicitFileType = wrapper.cfbundle; includeInIndex = 0; path = EX2KitResources.bundle; sourceTree = BUILT_PRODUCTS_DIR; };
		53F15EEA162B9F6800C24FC1 /* CoreFoundation.framework */ = {isa = PBXFileReference; lastKnownFileType = wrapper.framework; name = CoreFoundation.framework; path = System/Library/Frameworks/CoreFoundation.framework; sourceTree = SDKROOT; };
		53F15EEE162B9F6800C24FC1 /* EX2KitResources-Info.plist */ = {isa = PBXFileReference; lastKnownFileType = text.plist.xml; path = "EX2KitResources-Info.plist"; sourceTree = "<group>"; };
		53F15EF0162B9F6800C24FC1 /* en */ = {isa = PBXFileReference; lastKnownFileType = text.plist.strings; name = en; path = en.lproj/InfoPlist.strings; sourceTree = "<group>"; };
		53F15EF2162B9F6800C24FC1 /* EX2KitResources-Prefix.pch */ = {isa = PBXFileReference; lastKnownFileType = sourcecode.c.h; path = "EX2KitResources-Prefix.pch"; sourceTree = "<group>"; };
		53F15EF7162B9FCA00C24FC1 /* EX2Categories.h */ = {isa = PBXFileReference; fileEncoding = 4; lastKnownFileType = sourcecode.c.h; path = EX2Categories.h; sourceTree = "<group>"; };
		53F15EF9162B9FCA00C24FC1 /* EX2FoundationCategories.h */ = {isa = PBXFileReference; fileEncoding = 4; lastKnownFileType = sourcecode.c.h; path = EX2FoundationCategories.h; sourceTree = "<group>"; };
		53F15EFB162B9FCA00C24FC1 /* NSArray+Additions.h */ = {isa = PBXFileReference; fileEncoding = 4; lastKnownFileType = sourcecode.c.h; path = "NSArray+Additions.h"; sourceTree = "<group>"; };
		53F15EFC162B9FCA00C24FC1 /* NSArray+FirstObject.h */ = {isa = PBXFileReference; fileEncoding = 4; lastKnownFileType = sourcecode.c.h; path = "NSArray+FirstObject.h"; sourceTree = "<group>"; };
		53F15EFD162B9FCA00C24FC1 /* NSArray+FirstObject.m */ = {isa = PBXFileReference; fileEncoding = 4; lastKnownFileType = sourcecode.c.objc; path = "NSArray+FirstObject.m"; sourceTree = "<group>"; };
		53F15EFE162B9FCA00C24FC1 /* NSArray+Safe.h */ = {isa = PBXFileReference; fileEncoding = 4; lastKnownFileType = sourcecode.c.h; path = "NSArray+Safe.h"; sourceTree = "<group>"; };
		53F15EFF162B9FCA00C24FC1 /* NSArray+Safe.m */ = {isa = PBXFileReference; fileEncoding = 4; lastKnownFileType = sourcecode.c.objc; path = "NSArray+Safe.m"; sourceTree = "<group>"; };
		53F15F00162B9FCA00C24FC1 /* NSMutableArray+Safe.h */ = {isa = PBXFileReference; fileEncoding = 4; lastKnownFileType = sourcecode.c.h; path = "NSMutableArray+Safe.h"; sourceTree = "<group>"; };
		53F15F01162B9FCA00C24FC1 /* NSMutableArray+Safe.m */ = {isa = PBXFileReference; fileEncoding = 4; lastKnownFileType = sourcecode.c.objc; path = "NSMutableArray+Safe.m"; sourceTree = "<group>"; };
		53F15F02162B9FCA00C24FC1 /* NSData+AES128.h */ = {isa = PBXFileReference; fileEncoding = 4; lastKnownFileType = sourcecode.c.h; path = "NSData+AES128.h"; sourceTree = "<group>"; };
		53F15F03162B9FCA00C24FC1 /* NSData+AES128.m */ = {isa = PBXFileReference; fileEncoding = 4; lastKnownFileType = sourcecode.c.objc; path = "NSData+AES128.m"; sourceTree = "<group>"; };
		53F15F04162B9FCA00C24FC1 /* NSData+Base64.h */ = {isa = PBXFileReference; fileEncoding = 4; lastKnownFileType = sourcecode.c.h; path = "NSData+Base64.h"; sourceTree = "<group>"; };
		53F15F05162B9FCA00C24FC1 /* NSData+Base64.m */ = {isa = PBXFileReference; fileEncoding = 4; lastKnownFileType = sourcecode.c.objc; path = "NSData+Base64.m"; sourceTree = "<group>"; };
		53F15F06162B9FCA00C24FC1 /* NSData+Gzip.h */ = {isa = PBXFileReference; fileEncoding = 4; lastKnownFileType = sourcecode.c.h; path = "NSData+Gzip.h"; sourceTree = "<group>"; };
		53F15F07162B9FCA00C24FC1 /* NSData+Gzip.m */ = {isa = PBXFileReference; fileEncoding = 4; lastKnownFileType = sourcecode.c.objc; path = "NSData+Gzip.m"; sourceTree = "<group>"; };
		53F15F08162B9FCA00C24FC1 /* NSDate+UTC.h */ = {isa = PBXFileReference; fileEncoding = 4; lastKnownFileType = sourcecode.c.h; path = "NSDate+UTC.h"; sourceTree = "<group>"; };
		53F15F09162B9FCA00C24FC1 /* NSDate+UTC.m */ = {isa = PBXFileReference; fileEncoding = 4; lastKnownFileType = sourcecode.c.objc; path = "NSDate+UTC.m"; sourceTree = "<group>"; };
		53F15F0A162B9FCA00C24FC1 /* NSMutableDictionary+Safe.h */ = {isa = PBXFileReference; fileEncoding = 4; lastKnownFileType = sourcecode.c.h; path = "NSMutableDictionary+Safe.h"; sourceTree = "<group>"; };
		53F15F0B162B9FCA00C24FC1 /* NSMutableDictionary+Safe.m */ = {isa = PBXFileReference; fileEncoding = 4; lastKnownFileType = sourcecode.c.objc; path = "NSMutableDictionary+Safe.m"; sourceTree = "<group>"; };
		53F15F0C162B9FCA00C24FC1 /* NSNotificationCenter+MainThread.h */ = {isa = PBXFileReference; fileEncoding = 4; lastKnownFileType = sourcecode.c.h; path = "NSNotificationCenter+MainThread.h"; sourceTree = "<group>"; };
		53F15F0D162B9FCA00C24FC1 /* NSNotificationCenter+MainThread.m */ = {isa = PBXFileReference; fileEncoding = 4; lastKnownFileType = sourcecode.c.objc; path = "NSNotificationCenter+MainThread.m"; sourceTree = "<group>"; };
		53F15F0E162B9FCA00C24FC1 /* NSObject+ListMethods.h */ = {isa = PBXFileReference; fileEncoding = 4; lastKnownFileType = sourcecode.c.h; path = "NSObject+ListMethods.h"; sourceTree = "<group>"; };
		53F15F0F162B9FCA00C24FC1 /* NSObject+ListMethods.m */ = {isa = PBXFileReference; fileEncoding = 4; lastKnownFileType = sourcecode.c.objc; path = "NSObject+ListMethods.m"; sourceTree = "<group>"; };
		53F15F11162B9FCA00C24FC1 /* GTMDefines.h */ = {isa = PBXFileReference; fileEncoding = 4; lastKnownFileType = sourcecode.c.h; path = GTMDefines.h; sourceTree = "<group>"; };
		53F15F12162B9FCA00C24FC1 /* GTMNSString+HTML.h */ = {isa = PBXFileReference; fileEncoding = 4; lastKnownFileType = sourcecode.c.h; path = "GTMNSString+HTML.h"; sourceTree = "<group>"; };
		53F15F13162B9FCA00C24FC1 /* GTMNSString+HTML.m */ = {isa = PBXFileReference; fileEncoding = 4; lastKnownFileType = sourcecode.c.objc; path = "GTMNSString+HTML.m"; sourceTree = "<group>"; };
		53F15F14162B9FCA00C24FC1 /* NSString+Additions.h */ = {isa = PBXFileReference; fileEncoding = 4; lastKnownFileType = sourcecode.c.h; path = "NSString+Additions.h"; sourceTree = "<group>"; };
		53F15F15162B9FCA00C24FC1 /* NSString+Clean.h */ = {isa = PBXFileReference; fileEncoding = 4; lastKnownFileType = sourcecode.c.h; path = "NSString+Clean.h"; sourceTree = "<group>"; };
		53F15F16162B9FCA00C24FC1 /* NSString+Clean.m */ = {isa = PBXFileReference; fileEncoding = 4; lastKnownFileType = sourcecode.c.objc; path = "NSString+Clean.m"; sourceTree = "<group>"; };
		53F15F17162B9FCA00C24FC1 /* NSString+compareWithoutIndefiniteArticles.h */ = {isa = PBXFileReference; fileEncoding = 4; lastKnownFileType = sourcecode.c.h; path = "NSString+compareWithoutIndefiniteArticles.h"; sourceTree = "<group>"; };
		53F15F18162B9FCA00C24FC1 /* NSString+compareWithoutIndefiniteArticles.m */ = {isa = PBXFileReference; fileEncoding = 4; lastKnownFileType = sourcecode.c.objc; path = "NSString+compareWithoutIndefiniteArticles.m"; sourceTree = "<group>"; };
		53F15F19162B9FCA00C24FC1 /* NSString+cStringUTF8.h */ = {isa = PBXFileReference; fileEncoding = 4; lastKnownFileType = sourcecode.c.h; path = "NSString+cStringUTF8.h"; sourceTree = "<group>"; };
		53F15F1A162B9FCA00C24FC1 /* NSString+cStringUTF8.m */ = {isa = PBXFileReference; fileEncoding = 4; lastKnownFileType = sourcecode.c.objc; path = "NSString+cStringUTF8.m"; sourceTree = "<group>"; };
		53F15F1B162B9FCA00C24FC1 /* NSString+FileSize.h */ = {isa = PBXFileReference; fileEncoding = 4; lastKnownFileType = sourcecode.c.h; path = "NSString+FileSize.h"; sourceTree = "<group>"; };
		53F15F1C162B9FCA00C24FC1 /* NSString+FileSize.m */ = {isa = PBXFileReference; fileEncoding = 4; lastKnownFileType = sourcecode.c.objc; path = "NSString+FileSize.m"; sourceTree = "<group>"; };
		53F15F1D162B9FCA00C24FC1 /* NSString+Gzip.h */ = {isa = PBXFileReference; fileEncoding = 4; lastKnownFileType = sourcecode.c.h; path = "NSString+Gzip.h"; sourceTree = "<group>"; };
		53F15F1E162B9FCA00C24FC1 /* NSString+Gzip.m */ = {isa = PBXFileReference; fileEncoding = 4; lastKnownFileType = sourcecode.c.objc; path = "NSString+Gzip.m"; sourceTree = "<group>"; };
		53F15F1F162B9FCA00C24FC1 /* NSString+hex.h */ = {isa = PBXFileReference; fileEncoding = 4; lastKnownFileType = sourcecode.c.h; path = "NSString+hex.h"; sourceTree = "<group>"; };
		53F15F20162B9FCA00C24FC1 /* NSString+hex.m */ = {isa = PBXFileReference; fileEncoding = 4; lastKnownFileType = sourcecode.c.objc; path = "NSString+hex.m"; sourceTree = "<group>"; };
		53F15F21162B9FCA00C24FC1 /* NSString+md5.h */ = {isa = PBXFileReference; fileEncoding = 4; lastKnownFileType = sourcecode.c.h; path = "NSString+md5.h"; sourceTree = "<group>"; };
		53F15F22162B9FCA00C24FC1 /* NSString+md5.m */ = {isa = PBXFileReference; fileEncoding = 4; lastKnownFileType = sourcecode.c.objc; path = "NSString+md5.m"; sourceTree = "<group>"; };
		53F15F23162B9FCA00C24FC1 /* NSString+rfcEncode.h */ = {isa = PBXFileReference; fileEncoding = 4; lastKnownFileType = sourcecode.c.h; path = "NSString+rfcEncode.h"; sourceTree = "<group>"; };
		53F15F24162B9FCA00C24FC1 /* NSString+rfcEncode.m */ = {isa = PBXFileReference; fileEncoding = 4; lastKnownFileType = sourcecode.c.objc; path = "NSString+rfcEncode.m"; sourceTree = "<group>"; };
		53F15F25162B9FCA00C24FC1 /* NSString+SHA1.h */ = {isa = PBXFileReference; fileEncoding = 4; lastKnownFileType = sourcecode.c.h; path = "NSString+SHA1.h"; sourceTree = "<group>"; };
		53F15F26162B9FCA00C24FC1 /* NSString+SHA1.m */ = {isa = PBXFileReference; fileEncoding = 4; lastKnownFileType = sourcecode.c.objc; path = "NSString+SHA1.m"; sourceTree = "<group>"; };
		53F15F27162B9FCA00C24FC1 /* NSString+time.h */ = {isa = PBXFileReference; fileEncoding = 4; lastKnownFileType = sourcecode.c.h; path = "NSString+time.h"; sourceTree = "<group>"; };
		53F15F28162B9FCA00C24FC1 /* NSString+time.m */ = {isa = PBXFileReference; fileEncoding = 4; lastKnownFileType = sourcecode.c.objc; path = "NSString+time.m"; sourceTree = "<group>"; };
		53F15F29162B9FCA00C24FC1 /* NSString+TrimmingAdditions.h */ = {isa = PBXFileReference; fileEncoding = 4; lastKnownFileType = sourcecode.c.h; path = "NSString+TrimmingAdditions.h"; sourceTree = "<group>"; };
		53F15F2A162B9FCA00C24FC1 /* NSString+TrimmingAdditions.m */ = {isa = PBXFileReference; fileEncoding = 4; lastKnownFileType = sourcecode.c.objc; path = "NSString+TrimmingAdditions.m"; sourceTree = "<group>"; };
		53F15F2B162B9FCA00C24FC1 /* NSString+URLEncode.h */ = {isa = PBXFileReference; fileEncoding = 4; lastKnownFileType = sourcecode.c.h; path = "NSString+URLEncode.h"; sourceTree = "<group>"; };
		53F15F2C162B9FCA00C24FC1 /* NSString+URLEncode.m */ = {isa = PBXFileReference; fileEncoding = 4; lastKnownFileType = sourcecode.c.objc; path = "NSString+URLEncode.m"; sourceTree = "<group>"; };
		53F15F2D162B9FCA00C24FC1 /* NSString+Validation.h */ = {isa = PBXFileReference; fileEncoding = 4; lastKnownFileType = sourcecode.c.h; path = "NSString+Validation.h"; sourceTree = "<group>"; };
		53F15F2E162B9FCA00C24FC1 /* NSString+Validation.m */ = {isa = PBXFileReference; fileEncoding = 4; lastKnownFileType = sourcecode.c.objc; path = "NSString+Validation.m"; sourceTree = "<group>"; };
		53F15F30162B9FCA00C24FC1 /* CALayer+ImageFromLayer.h */ = {isa = PBXFileReference; fileEncoding = 4; lastKnownFileType = sourcecode.c.h; path = "CALayer+ImageFromLayer.h"; sourceTree = "<group>"; };
		53F15F31162B9FCA00C24FC1 /* CALayer+ImageFromLayer.m */ = {isa = PBXFileReference; fileEncoding = 4; lastKnownFileType = sourcecode.c.objc; path = "CALayer+ImageFromLayer.m"; sourceTree = "<group>"; };
		53F15F32162B9FCA00C24FC1 /* CALayer+SublayerWithName.h */ = {isa = PBXFileReference; fileEncoding = 4; lastKnownFileType = sourcecode.c.h; path = "CALayer+SublayerWithName.h"; sourceTree = "<group>"; };
		53F15F33162B9FCA00C24FC1 /* CALayer+SublayerWithName.m */ = {isa = PBXFileReference; fileEncoding = 4; lastKnownFileType = sourcecode.c.objc; path = "CALayer+SublayerWithName.m"; sourceTree = "<group>"; };
		53F15F34162B9FCA00C24FC1 /* EX2QuartzCoreCategories.h */ = {isa = PBXFileReference; fileEncoding = 4; lastKnownFileType = sourcecode.c.h; path = EX2QuartzCoreCategories.h; sourceTree = "<group>"; };
		53F15F36162B9FCA00C24FC1 /* EX2UIKitCategories.h */ = {isa = PBXFileReference; fileEncoding = 4; lastKnownFileType = sourcecode.c.h; path = EX2UIKitCategories.h; sourceTree = "<group>"; };
		53F15F37162B9FCA00C24FC1 /* UIBezierPath+Smoothing.h */ = {isa = PBXFileReference; fileEncoding = 4; lastKnownFileType = sourcecode.c.h; path = "UIBezierPath+Smoothing.h"; sourceTree = "<group>"; };
		53F15F38162B9FCA00C24FC1 /* UIBezierPath+Smoothing.m */ = {isa = PBXFileReference; fileEncoding = 4; lastKnownFileType = sourcecode.c.objc; path = "UIBezierPath+Smoothing.m"; sourceTree = "<group>"; };
		53F15F39162B9FCA00C24FC1 /* UIColor+ColorWithHex.h */ = {isa = PBXFileReference; fileEncoding = 4; lastKnownFileType = sourcecode.c.h; path = "UIColor+ColorWithHex.h"; sourceTree = "<group>"; };
		53F15F3A162B9FCA00C24FC1 /* UIColor+ColorWithHex.m */ = {isa = PBXFileReference; fileEncoding = 4; lastKnownFileType = sourcecode.c.objc; path = "UIColor+ColorWithHex.m"; sourceTree = "<group>"; };
		53F15F3B162B9FCA00C24FC1 /* UIDevice+Hardware.h */ = {isa = PBXFileReference; fileEncoding = 4; lastKnownFileType = sourcecode.c.h; path = "UIDevice+Hardware.h"; sourceTree = "<group>"; };
		53F15F3C162B9FCA00C24FC1 /* UIDevice+Hardware.m */ = {isa = PBXFileReference; fileEncoding = 4; lastKnownFileType = sourcecode.c.objc; path = "UIDevice+Hardware.m"; sourceTree = "<group>"; };
		53F15F3D162B9FCA00C24FC1 /* UIDevice+Software.h */ = {isa = PBXFileReference; fileEncoding = 4; lastKnownFileType = sourcecode.c.h; path = "UIDevice+Software.h"; sourceTree = "<group>"; };
		53F15F3E162B9FCA00C24FC1 /* UIDevice+Software.m */ = {isa = PBXFileReference; fileEncoding = 4; lastKnownFileType = sourcecode.c.objc; path = "UIDevice+Software.m"; sourceTree = "<group>"; };
		53F15F3F162B9FCA00C24FC1 /* UIImage+CustomStretch.h */ = {isa = PBXFileReference; fileEncoding = 4; lastKnownFileType = sourcecode.c.h; path = "UIImage+CustomStretch.h"; sourceTree = "<group>"; };
		53F15F40162B9FCA00C24FC1 /* UIImage+CustomStretch.m */ = {isa = PBXFileReference; fileEncoding = 4; lastKnownFileType = sourcecode.c.objc; path = "UIImage+CustomStretch.m"; sourceTree = "<group>"; };
		53F15F41162B9FCA00C24FC1 /* UIImage+Tint.h */ = {isa = PBXFileReference; fileEncoding = 4; lastKnownFileType = sourcecode.c.h; path = "UIImage+Tint.h"; sourceTree = "<group>"; };
		53F15F42162B9FCA00C24FC1 /* UIImage+Tint.m */ = {isa = PBXFileReference; fileEncoding = 4; lastKnownFileType = sourcecode.c.objc; path = "UIImage+Tint.m"; sourceTree = "<group>"; };
		53F15F43162B9FCA00C24FC1 /* UIImageView+Reflection.h */ = {isa = PBXFileReference; fileEncoding = 4; lastKnownFileType = sourcecode.c.h; path = "UIImageView+Reflection.h"; sourceTree = "<group>"; };
		53F15F44162B9FCA00C24FC1 /* UIImageView+Reflection.m */ = {isa = PBXFileReference; fileEncoding = 4; lastKnownFileType = sourcecode.c.objc; path = "UIImageView+Reflection.m"; sourceTree = "<group>"; };
		53F15F45162B9FCA00C24FC1 /* UITableView+Shadows.h */ = {isa = PBXFileReference; fileEncoding = 4; lastKnownFileType = sourcecode.c.h; path = "UITableView+Shadows.h"; sourceTree = "<group>"; };
		53F15F46162B9FCA00C24FC1 /* UITableView+Shadows.m */ = {isa = PBXFileReference; fileEncoding = 4; lastKnownFileType = sourcecode.c.objc; path = "UITableView+Shadows.m"; sourceTree = "<group>"; };
		53F15F47162B9FCA00C24FC1 /* UIView+Tools.h */ = {isa = PBXFileReference; fileEncoding = 4; lastKnownFileType = sourcecode.c.h; path = "UIView+Tools.h"; sourceTree = "<group>"; };
		53F15F48162B9FCA00C24FC1 /* UIView+Tools.m */ = {isa = PBXFileReference; fileEncoding = 4; lastKnownFileType = sourcecode.c.objc; path = "UIView+Tools.m"; sourceTree = "<group>"; };
		53F15F49162B9FCA00C24FC1 /* UIViewController+IsVisible.h */ = {isa = PBXFileReference; fileEncoding = 4; lastKnownFileType = sourcecode.c.h; path = "UIViewController+IsVisible.h"; sourceTree = "<group>"; };
		53F15F4A162B9FCA00C24FC1 /* UIViewController+IsVisible.m */ = {isa = PBXFileReference; fileEncoding = 4; lastKnownFileType = sourcecode.c.objc; path = "UIViewController+IsVisible.m"; sourceTree = "<group>"; };
		53F15F4C162B9FCA00C24FC1 /* EX2Components.h */ = {isa = PBXFileReference; fileEncoding = 4; lastKnownFileType = sourcecode.c.h; path = EX2Components.h; sourceTree = "<group>"; };
		53F15F4D162B9FCA00C24FC1 /* EX2FileDecryptor.h */ = {isa = PBXFileReference; fileEncoding = 4; lastKnownFileType = sourcecode.c.h; path = EX2FileDecryptor.h; sourceTree = "<group>"; };
		53F15F4E162B9FCA00C24FC1 /* EX2FileDecryptor.m */ = {isa = PBXFileReference; fileEncoding = 4; lastKnownFileType = sourcecode.c.objc; path = EX2FileDecryptor.m; sourceTree = "<group>"; };
		53F15F4F162B9FCA00C24FC1 /* EX2FileEncryptor.h */ = {isa = PBXFileReference; fileEncoding = 4; lastKnownFileType = sourcecode.c.h; path = EX2FileEncryptor.h; sourceTree = "<group>"; };
		53F15F50162B9FCA00C24FC1 /* EX2FileEncryptor.m */ = {isa = PBXFileReference; fileEncoding = 4; lastKnownFileType = sourcecode.c.objc; path = EX2FileEncryptor.m; sourceTree = "<group>"; };
		53F15F51162B9FCA00C24FC1 /* EX2NetworkIndicator.h */ = {isa = PBXFileReference; fileEncoding = 4; lastKnownFileType = sourcecode.c.h; path = EX2NetworkIndicator.h; sourceTree = "<group>"; };
		53F15F52162B9FCA00C24FC1 /* EX2NetworkIndicator.m */ = {isa = PBXFileReference; fileEncoding = 4; lastKnownFileType = sourcecode.c.objc; path = EX2NetworkIndicator.m; sourceTree = "<group>"; };
		53F15F53162B9FCA00C24FC1 /* EX2Reachability.h */ = {isa = PBXFileReference; fileEncoding = 4; lastKnownFileType = sourcecode.c.h; path = EX2Reachability.h; sourceTree = "<group>"; };
		53F15F54162B9FCA00C24FC1 /* EX2Reachability.m */ = {isa = PBXFileReference; fileEncoding = 4; lastKnownFileType = sourcecode.c.objc; path = EX2Reachability.m; sourceTree = "<group>"; };
		53F15F55162B9FCA00C24FC1 /* EX2RingBuffer.h */ = {isa = PBXFileReference; fileEncoding = 4; lastKnownFileType = sourcecode.c.h; path = EX2RingBuffer.h; sourceTree = "<group>"; };
		53F15F56162B9FCA00C24FC1 /* EX2RingBuffer.m */ = {isa = PBXFileReference; fileEncoding = 4; lastKnownFileType = sourcecode.c.objc; path = EX2RingBuffer.m; sourceTree = "<group>"; };
		53F15F57162B9FCA00C24FC1 /* EX2SimpleConnectionQueue.h */ = {isa = PBXFileReference; fileEncoding = 4; lastKnownFileType = sourcecode.c.h; path = EX2SimpleConnectionQueue.h; sourceTree = "<group>"; };
		53F15F58162B9FCA00C24FC1 /* EX2SimpleConnectionQueue.m */ = {isa = PBXFileReference; fileEncoding = 4; lastKnownFileType = sourcecode.c.objc; path = EX2SimpleConnectionQueue.m; sourceTree = "<group>"; };
		53F15F5A162B9FCA00C24FC1 /* CommonKeyDerivation.c */ = {isa = PBXFileReference; fileEncoding = 4; lastKnownFileType = sourcecode.c.c; path = CommonKeyDerivation.c; sourceTree = "<group>"; };
		53F15F5B162B9FCA00C24FC1 /* CommonKeyDerivation.h */ = {isa = PBXFileReference; fileEncoding = 4; lastKnownFileType = sourcecode.c.h; path = CommonKeyDerivation.h; sourceTree = "<group>"; };
		53F15F5C162B9FCA00C24FC1 /* CommonKeyDerivationPriv.h */ = {isa = PBXFileReference; fileEncoding = 4; lastKnownFileType = sourcecode.c.h; path = CommonKeyDerivationPriv.h; sourceTree = "<group>"; };
		53F15F5E162B9FCA00C24FC1 /* CocoaLumberjack.h */ = {isa = PBXFileReference; fileEncoding = 4; lastKnownFileType = sourcecode.c.h; path = CocoaLumberjack.h; sourceTree = "<group>"; };
		53F15F5F162B9FCA00C24FC1 /* DDAbstractDatabaseLogger.h */ = {isa = PBXFileReference; fileEncoding = 4; lastKnownFileType = sourcecode.c.h; path = DDAbstractDatabaseLogger.h; sourceTree = "<group>"; };
		53F15F60162B9FCA00C24FC1 /* DDAbstractDatabaseLogger.m */ = {isa = PBXFileReference; fileEncoding = 4; lastKnownFileType = sourcecode.c.objc; path = DDAbstractDatabaseLogger.m; sourceTree = "<group>"; };
		53F15F61162B9FCA00C24FC1 /* DDASLLogger.h */ = {isa = PBXFileReference; fileEncoding = 4; lastKnownFileType = sourcecode.c.h; path = DDASLLogger.h; sourceTree = "<group>"; };
		53F15F62162B9FCA00C24FC1 /* DDASLLogger.m */ = {isa = PBXFileReference; fileEncoding = 4; lastKnownFileType = sourcecode.c.objc; path = DDASLLogger.m; sourceTree = "<group>"; };
		53F15F63162B9FCA00C24FC1 /* DDFileLogger.h */ = {isa = PBXFileReference; fileEncoding = 4; lastKnownFileType = sourcecode.c.h; path = DDFileLogger.h; sourceTree = "<group>"; };
		53F15F64162B9FCA00C24FC1 /* DDFileLogger.m */ = {isa = PBXFileReference; fileEncoding = 4; lastKnownFileType = sourcecode.c.objc; path = DDFileLogger.m; sourceTree = "<group>"; };
		53F15F65162B9FCA00C24FC1 /* DDLog.h */ = {isa = PBXFileReference; fileEncoding = 4; lastKnownFileType = sourcecode.c.h; path = DDLog.h; sourceTree = "<group>"; };
		53F15F66162B9FCA00C24FC1 /* DDLog.m */ = {isa = PBXFileReference; fileEncoding = 4; lastKnownFileType = sourcecode.c.objc; path = DDLog.m; sourceTree = "<group>"; };
		53F15F67162B9FCA00C24FC1 /* DDTTYLogger.h */ = {isa = PBXFileReference; fileEncoding = 4; lastKnownFileType = sourcecode.c.h; path = DDTTYLogger.h; sourceTree = "<group>"; };
		53F15F68162B9FCA00C24FC1 /* DDTTYLogger.m */ = {isa = PBXFileReference; fileEncoding = 4; lastKnownFileType = sourcecode.c.objc; path = DDTTYLogger.m; sourceTree = "<group>"; };
		53F15F6A162B9FCA00C24FC1 /* ContextFilterLogFormatter.h */ = {isa = PBXFileReference; fileEncoding = 4; lastKnownFileType = sourcecode.c.h; path = ContextFilterLogFormatter.h; sourceTree = "<group>"; };
		53F15F6B162B9FCA00C24FC1 /* ContextFilterLogFormatter.m */ = {isa = PBXFileReference; fileEncoding = 4; lastKnownFileType = sourcecode.c.objc; path = ContextFilterLogFormatter.m; sourceTree = "<group>"; };
		53F15F6C162B9FCA00C24FC1 /* DispatchQueueLogFormatter.h */ = {isa = PBXFileReference; fileEncoding = 4; lastKnownFileType = sourcecode.c.h; path = DispatchQueueLogFormatter.h; sourceTree = "<group>"; };
		53F15F6D162B9FCA00C24FC1 /* DispatchQueueLogFormatter.m */ = {isa = PBXFileReference; fileEncoding = 4; lastKnownFileType = sourcecode.c.objc; path = DispatchQueueLogFormatter.m; sourceTree = "<group>"; };
		53F15F6E162B9FCA00C24FC1 /* README.txt */ = {isa = PBXFileReference; fileEncoding = 4; lastKnownFileType = text; path = README.txt; sourceTree = "<group>"; };
		53F15F6F162B9FCA00C24FC1 /* RNCryptor.h */ = {isa = PBXFileReference; fileEncoding = 4; lastKnownFileType = sourcecode.c.h; path = RNCryptor.h; sourceTree = "<group>"; };
		53F15F70162B9FCA00C24FC1 /* RNCryptor.m */ = {isa = PBXFileReference; fileEncoding = 4; lastKnownFileType = sourcecode.c.objc; path = RNCryptor.m; sourceTree = "<group>"; };
		53F15F71162B9FCA00C24FC1 /* EX2Kit.h */ = {isa = PBXFileReference; fileEncoding = 4; lastKnownFileType = sourcecode.c.h; path = EX2Kit.h; sourceTree = "<group>"; };
		53F15F73162B9FCA00C24FC1 /* EX2Macros.h */ = {isa = PBXFileReference; fileEncoding = 4; lastKnownFileType = sourcecode.c.h; path = EX2Macros.h; sourceTree = "<group>"; };
		53F15F75162B9FCA00C24FC1 /* EX2Dispatch.h */ = {isa = PBXFileReference; fileEncoding = 4; lastKnownFileType = sourcecode.c.h; path = EX2Dispatch.h; sourceTree = "<group>"; };
		53F15F76162B9FCA00C24FC1 /* EX2Dispatch.m */ = {isa = PBXFileReference; fileEncoding = 4; lastKnownFileType = sourcecode.c.objc; path = EX2Dispatch.m; sourceTree = "<group>"; };
		53F15F77162B9FCA00C24FC1 /* EX2Static.h */ = {isa = PBXFileReference; fileEncoding = 4; lastKnownFileType = sourcecode.c.h; path = EX2Static.h; sourceTree = "<group>"; };
		53F15F79162B9FCA00C24FC1 /* EX2NavigationController.h */ = {isa = PBXFileReference; fileEncoding = 4; lastKnownFileType = sourcecode.c.h; path = EX2NavigationController.h; sourceTree = "<group>"; };
		53F15F7A162B9FCA00C24FC1 /* EX2NavigationController.m */ = {isa = PBXFileReference; fileEncoding = 4; lastKnownFileType = sourcecode.c.objc; path = EX2NavigationController.m; sourceTree = "<group>"; };
		53F15F7B162B9FCA00C24FC1 /* EX2NotificationBar.h */ = {isa = PBXFileReference; fileEncoding = 4; lastKnownFileType = sourcecode.c.h; path = EX2NotificationBar.h; sourceTree = "<group>"; };
		53F15F7C162B9FCA00C24FC1 /* EX2NotificationBar.m */ = {isa = PBXFileReference; fileEncoding = 4; lastKnownFileType = sourcecode.c.objc; path = EX2NotificationBar.m; sourceTree = "<group>"; };
		53F15F7D162B9FCA00C24FC1 /* EX2NotificationBar.xib */ = {isa = PBXFileReference; fileEncoding = 4; lastKnownFileType = file.xib; path = EX2NotificationBar.xib; sourceTree = "<group>"; };
		53F15F7E162B9FCA00C24FC1 /* EX2SlidingNotification.h */ = {isa = PBXFileReference; fileEncoding = 4; lastKnownFileType = sourcecode.c.h; path = EX2SlidingNotification.h; sourceTree = "<group>"; };
		53F15F7F162B9FCA00C24FC1 /* EX2SlidingNotification.m */ = {isa = PBXFileReference; fileEncoding = 4; lastKnownFileType = sourcecode.c.objc; path = EX2SlidingNotification.m; sourceTree = "<group>"; };
		53F15F80162B9FCA00C24FC1 /* EX2SlidingNotification.xib */ = {isa = PBXFileReference; fileEncoding = 4; lastKnownFileType = file.xib; path = EX2SlidingNotification.xib; sourceTree = "<group>"; };
		53F15F81162B9FCA00C24FC1 /* EX2TabBarController.h */ = {isa = PBXFileReference; fileEncoding = 4; lastKnownFileType = sourcecode.c.h; path = EX2TabBarController.h; sourceTree = "<group>"; };
		53F15F82162B9FCA00C24FC1 /* EX2TabBarController.m */ = {isa = PBXFileReference; fileEncoding = 4; lastKnownFileType = sourcecode.c.objc; path = EX2TabBarController.m; sourceTree = "<group>"; };
		53F15F83162B9FCA00C24FC1 /* EX2TabBarController.xib */ = {isa = PBXFileReference; fileEncoding = 4; lastKnownFileType = file.xib; path = EX2TabBarController.xib; sourceTree = "<group>"; };
		53F15F84162B9FCA00C24FC1 /* EX2UIComponents.h */ = {isa = PBXFileReference; fileEncoding = 4; lastKnownFileType = sourcecode.c.h; path = EX2UIComponents.h; sourceTree = "<group>"; };
		53F15F85162B9FCA00C24FC1 /* SnappySlider.h */ = {isa = PBXFileReference; fileEncoding = 4; lastKnownFileType = sourcecode.c.h; path = SnappySlider.h; sourceTree = "<group>"; };
		53F15F86162B9FCA00C24FC1 /* SnappySlider.m */ = {isa = PBXFileReference; fileEncoding = 4; lastKnownFileType = sourcecode.c.objc; path = SnappySlider.m; sourceTree = "<group>"; };
/* End PBXFileReference section */

/* Begin PBXFrameworksBuildPhase section */
		53F15ED4162B9F1B00C24FC1 /* Frameworks */ = {
			isa = PBXFrameworksBuildPhase;
			buildActionMask = 2147483647;
			files = (
				53F15EDA162B9F1B00C24FC1 /* Foundation.framework in Frameworks */,
			);
			runOnlyForDeploymentPostprocessing = 0;
		};
		53F15EE6162B9F6800C24FC1 /* Frameworks */ = {
			isa = PBXFrameworksBuildPhase;
			buildActionMask = 2147483647;
			files = (
				53F15EEB162B9F6800C24FC1 /* CoreFoundation.framework in Frameworks */,
			);
			runOnlyForDeploymentPostprocessing = 0;
		};
/* End PBXFrameworksBuildPhase section */

/* Begin PBXGroup section */
		53D44E9415AA56C700CDD3B8 = {
			isa = PBXGroup;
			children = (
				53D44EA515AA56C700CDD3B8 /* EX2Kit */,
				53F15EEC162B9F6800C24FC1 /* EX2KitResources */,
				53F15ED8162B9F1B00C24FC1 /* Frameworks */,
				53D44EA415AA56C700CDD3B8 /* Products */,
			);
			sourceTree = "<group>";
		};
		53D44EA415AA56C700CDD3B8 /* Products */ = {
			isa = PBXGroup;
			children = (
				53F15ED7162B9F1B00C24FC1 /* libEX2Kit.a */,
				53F15EE9162B9F6800C24FC1 /* EX2KitResources.bundle */,
			);
			name = Products;
			sourceTree = "<group>";
		};
		53D44EA515AA56C700CDD3B8 /* EX2Kit */ = {
			isa = PBXGroup;
			children = (
				53D44EBA15AA571900CDD3B8 /* EX2Kit */,
				53F15F59162B9FCA00C24FC1 /* Dependencies */,
				53D44EA615AA56C700CDD3B8 /* Supporting Files */,
			);
			path = EX2Kit;
			sourceTree = "<group>";
		};
		53D44EA615AA56C700CDD3B8 /* Supporting Files */ = {
			isa = PBXGroup;
			children = (
				53D44EA715AA56C700CDD3B8 /* EX2Kit-Info.plist */,
				53D44EA815AA56C700CDD3B8 /* InfoPlist.strings */,
				53D44EAB15AA56C700CDD3B8 /* EX2Kit-Prefix.pch */,
			);
			name = "Supporting Files";
			sourceTree = "<group>";
		};
		53D44EBA15AA571900CDD3B8 /* EX2Kit */ = {
			isa = PBXGroup;
			children = (
				53F15F71162B9FCA00C24FC1 /* EX2Kit.h */,
				5339E20316360B9E007628C0 /* EX2Kit.m */,
				53F15EF6162B9FCA00C24FC1 /* Categories */,
				53F15F4B162B9FCA00C24FC1 /* Components */,
				53F15F72162B9FCA00C24FC1 /* Macros */,
				53F15F74162B9FCA00C24FC1 /* Static */,
				53F15F78162B9FCA00C24FC1 /* UIComponents */,
			);
			name = EX2Kit;
			path = ../../EX2Kit;
			sourceTree = "<group>";
		};
		53F15ED8162B9F1B00C24FC1 /* Frameworks */ = {
			isa = PBXGroup;
			children = (
				53F15ED9162B9F1B00C24FC1 /* Foundation.framework */,
				53F15EEA162B9F6800C24FC1 /* CoreFoundation.framework */,
			);
			name = Frameworks;
			sourceTree = "<group>";
		};
		53F15EEC162B9F6800C24FC1 /* EX2KitResources */ = {
			isa = PBXGroup;
			children = (
				53F15EED162B9F6800C24FC1 /* Supporting Files */,
			);
			path = EX2KitResources;
			sourceTree = "<group>";
		};
		53F15EED162B9F6800C24FC1 /* Supporting Files */ = {
			isa = PBXGroup;
			children = (
				53F15EEE162B9F6800C24FC1 /* EX2KitResources-Info.plist */,
				53F15EEF162B9F6800C24FC1 /* InfoPlist.strings */,
				53F15EF2162B9F6800C24FC1 /* EX2KitResources-Prefix.pch */,
			);
			name = "Supporting Files";
			sourceTree = "<group>";
		};
		53F15EF6162B9FCA00C24FC1 /* Categories */ = {
			isa = PBXGroup;
			children = (
				53F15EF7162B9FCA00C24FC1 /* EX2Categories.h */,
				53F15EF8162B9FCA00C24FC1 /* Foundation */,
				53F15F2F162B9FCA00C24FC1 /* QuartzCore */,
				53F15F35162B9FCA00C24FC1 /* UIKit */,
			);
			path = Categories;
			sourceTree = "<group>";
		};
		53F15EF8162B9FCA00C24FC1 /* Foundation */ = {
			isa = PBXGroup;
			children = (
				53F15EF9162B9FCA00C24FC1 /* EX2FoundationCategories.h */,
				53F15EFA162B9FCA00C24FC1 /* NSArray */,
				53F15F02162B9FCA00C24FC1 /* NSData+AES128.h */,
				53F15F03162B9FCA00C24FC1 /* NSData+AES128.m */,
				53F15F04162B9FCA00C24FC1 /* NSData+Base64.h */,
				53F15F05162B9FCA00C24FC1 /* NSData+Base64.m */,
				53F15F06162B9FCA00C24FC1 /* NSData+Gzip.h */,
				53F15F07162B9FCA00C24FC1 /* NSData+Gzip.m */,
				53F15F08162B9FCA00C24FC1 /* NSDate+UTC.h */,
				53F15F09162B9FCA00C24FC1 /* NSDate+UTC.m */,
				53F15F0A162B9FCA00C24FC1 /* NSMutableDictionary+Safe.h */,
				53F15F0B162B9FCA00C24FC1 /* NSMutableDictionary+Safe.m */,
				53F15F0C162B9FCA00C24FC1 /* NSNotificationCenter+MainThread.h */,
				53F15F0D162B9FCA00C24FC1 /* NSNotificationCenter+MainThread.m */,
				53F15F0E162B9FCA00C24FC1 /* NSObject+ListMethods.h */,
				53F15F0F162B9FCA00C24FC1 /* NSObject+ListMethods.m */,
				53F15F10162B9FCA00C24FC1 /* NSString */,
			);
			path = Foundation;
			sourceTree = "<group>";
		};
		53F15EFA162B9FCA00C24FC1 /* NSArray */ = {
			isa = PBXGroup;
			children = (
				53F15EFB162B9FCA00C24FC1 /* NSArray+Additions.h */,
				53F15EFC162B9FCA00C24FC1 /* NSArray+FirstObject.h */,
				53F15EFD162B9FCA00C24FC1 /* NSArray+FirstObject.m */,
				53F15EFE162B9FCA00C24FC1 /* NSArray+Safe.h */,
				53F15EFF162B9FCA00C24FC1 /* NSArray+Safe.m */,
				53F15F00162B9FCA00C24FC1 /* NSMutableArray+Safe.h */,
				53F15F01162B9FCA00C24FC1 /* NSMutableArray+Safe.m */,
			);
			path = NSArray;
			sourceTree = "<group>";
		};
		53F15F10162B9FCA00C24FC1 /* NSString */ = {
			isa = PBXGroup;
			children = (
				53F15F11162B9FCA00C24FC1 /* GTMDefines.h */,
				53F15F12162B9FCA00C24FC1 /* GTMNSString+HTML.h */,
				53F15F13162B9FCA00C24FC1 /* GTMNSString+HTML.m */,
				53F15F14162B9FCA00C24FC1 /* NSString+Additions.h */,
				53F15F15162B9FCA00C24FC1 /* NSString+Clean.h */,
				53F15F16162B9FCA00C24FC1 /* NSString+Clean.m */,
				53F15F17162B9FCA00C24FC1 /* NSString+compareWithoutIndefiniteArticles.h */,
				53F15F18162B9FCA00C24FC1 /* NSString+compareWithoutIndefiniteArticles.m */,
				53F15F19162B9FCA00C24FC1 /* NSString+cStringUTF8.h */,
				53F15F1A162B9FCA00C24FC1 /* NSString+cStringUTF8.m */,
				53F15F1B162B9FCA00C24FC1 /* NSString+FileSize.h */,
				53F15F1C162B9FCA00C24FC1 /* NSString+FileSize.m */,
				53F15F1D162B9FCA00C24FC1 /* NSString+Gzip.h */,
				53F15F1E162B9FCA00C24FC1 /* NSString+Gzip.m */,
				53F15F1F162B9FCA00C24FC1 /* NSString+hex.h */,
				53F15F20162B9FCA00C24FC1 /* NSString+hex.m */,
				53F15F21162B9FCA00C24FC1 /* NSString+md5.h */,
				53F15F22162B9FCA00C24FC1 /* NSString+md5.m */,
				53F15F23162B9FCA00C24FC1 /* NSString+rfcEncode.h */,
				53F15F24162B9FCA00C24FC1 /* NSString+rfcEncode.m */,
				53F15F25162B9FCA00C24FC1 /* NSString+SHA1.h */,
				53F15F26162B9FCA00C24FC1 /* NSString+SHA1.m */,
				53F15F27162B9FCA00C24FC1 /* NSString+time.h */,
				53F15F28162B9FCA00C24FC1 /* NSString+time.m */,
				53F15F29162B9FCA00C24FC1 /* NSString+TrimmingAdditions.h */,
				53F15F2A162B9FCA00C24FC1 /* NSString+TrimmingAdditions.m */,
				53F15F2B162B9FCA00C24FC1 /* NSString+URLEncode.h */,
				53F15F2C162B9FCA00C24FC1 /* NSString+URLEncode.m */,
				53F15F2D162B9FCA00C24FC1 /* NSString+Validation.h */,
				53F15F2E162B9FCA00C24FC1 /* NSString+Validation.m */,
				5339E1801635E93A007628C0 /* NSString+HasValue.h */,
				5339E1811635E93A007628C0 /* NSString+HasValue.m */,
			);
			path = NSString;
			sourceTree = "<group>";
		};
		53F15F2F162B9FCA00C24FC1 /* QuartzCore */ = {
			isa = PBXGroup;
			children = (
				53F15F34162B9FCA00C24FC1 /* EX2QuartzCoreCategories.h */,
				53F15F30162B9FCA00C24FC1 /* CALayer+ImageFromLayer.h */,
				53F15F31162B9FCA00C24FC1 /* CALayer+ImageFromLayer.m */,
				53F15F32162B9FCA00C24FC1 /* CALayer+SublayerWithName.h */,
				53F15F33162B9FCA00C24FC1 /* CALayer+SublayerWithName.m */,
			);
			path = QuartzCore;
			sourceTree = "<group>";
		};
		53F15F35162B9FCA00C24FC1 /* UIKit */ = {
			isa = PBXGroup;
			children = (
				53F15F36162B9FCA00C24FC1 /* EX2UIKitCategories.h */,
				53F15F37162B9FCA00C24FC1 /* UIBezierPath+Smoothing.h */,
				53F15F38162B9FCA00C24FC1 /* UIBezierPath+Smoothing.m */,
				53F15F39162B9FCA00C24FC1 /* UIColor+ColorWithHex.h */,
				53F15F3A162B9FCA00C24FC1 /* UIColor+ColorWithHex.m */,
				53F15F3B162B9FCA00C24FC1 /* UIDevice+Hardware.h */,
				53F15F3C162B9FCA00C24FC1 /* UIDevice+Hardware.m */,
				53F15F3D162B9FCA00C24FC1 /* UIDevice+Software.h */,
				53F15F3E162B9FCA00C24FC1 /* UIDevice+Software.m */,
				53F15F3F162B9FCA00C24FC1 /* UIImage+CustomStretch.h */,
				53F15F40162B9FCA00C24FC1 /* UIImage+CustomStretch.m */,
				53F15F41162B9FCA00C24FC1 /* UIImage+Tint.h */,
				53F15F42162B9FCA00C24FC1 /* UIImage+Tint.m */,
				53F15F43162B9FCA00C24FC1 /* UIImageView+Reflection.h */,
				53F15F44162B9FCA00C24FC1 /* UIImageView+Reflection.m */,
				53F15F45162B9FCA00C24FC1 /* UITableView+Shadows.h */,
				53F15F46162B9FCA00C24FC1 /* UITableView+Shadows.m */,
				53F15F47162B9FCA00C24FC1 /* UIView+Tools.h */,
				53F15F48162B9FCA00C24FC1 /* UIView+Tools.m */,
				53F15F49162B9FCA00C24FC1 /* UIViewController+IsVisible.h */,
				53F15F4A162B9FCA00C24FC1 /* UIViewController+IsVisible.m */,
				531CF181163D064A008F8AA7 /* UIImage+Cropping.h */,
				531CF182163D064A008F8AA7 /* UIImage+Cropping.m */,
			);
			path = UIKit;
			sourceTree = "<group>";
		};
		53F15F4B162B9FCA00C24FC1 /* Components */ = {
			isa = PBXGroup;
			children = (
				53F15F4C162B9FCA00C24FC1 /* EX2Components.h */,
				53F15F4D162B9FCA00C24FC1 /* EX2FileDecryptor.h */,
				53F15F4E162B9FCA00C24FC1 /* EX2FileDecryptor.m */,
				53F15F4F162B9FCA00C24FC1 /* EX2FileEncryptor.h */,
				53F15F50162B9FCA00C24FC1 /* EX2FileEncryptor.m */,
				53F15F51162B9FCA00C24FC1 /* EX2NetworkIndicator.h */,
				53F15F52162B9FCA00C24FC1 /* EX2NetworkIndicator.m */,
				53F15F53162B9FCA00C24FC1 /* EX2Reachability.h */,
				53F15F54162B9FCA00C24FC1 /* EX2Reachability.m */,
				53F15F55162B9FCA00C24FC1 /* EX2RingBuffer.h */,
				53F15F56162B9FCA00C24FC1 /* EX2RingBuffer.m */,
				53F15F57162B9FCA00C24FC1 /* EX2SimpleConnectionQueue.h */,
				53F15F58162B9FCA00C24FC1 /* EX2SimpleConnectionQueue.m */,
			);
			path = Components;
			sourceTree = "<group>";
		};
		53F15F59162B9FCA00C24FC1 /* Dependencies */ = {
			isa = PBXGroup;
			children = (
				53F15F5A162B9FCA00C24FC1 /* CommonKeyDerivation.c */,
				53F15F5B162B9FCA00C24FC1 /* CommonKeyDerivation.h */,
				53F15F5C162B9FCA00C24FC1 /* CommonKeyDerivationPriv.h */,
				53F15F5D162B9FCA00C24FC1 /* Lumberjack */,
				53F15F6F162B9FCA00C24FC1 /* RNCryptor.h */,
				53F15F70162B9FCA00C24FC1 /* RNCryptor.m */,
			);
			name = Dependencies;
			path = ../../EX2Kit/Dependencies;
			sourceTree = "<group>";
		};
		53F15F5D162B9FCA00C24FC1 /* Lumberjack */ = {
			isa = PBXGroup;
			children = (
				53F15F5E162B9FCA00C24FC1 /* CocoaLumberjack.h */,
				53F15F5F162B9FCA00C24FC1 /* DDAbstractDatabaseLogger.h */,
				53F15F60162B9FCA00C24FC1 /* DDAbstractDatabaseLogger.m */,
				53F15F61162B9FCA00C24FC1 /* DDASLLogger.h */,
				53F15F62162B9FCA00C24FC1 /* DDASLLogger.m */,
				53F15F63162B9FCA00C24FC1 /* DDFileLogger.h */,
				53F15F64162B9FCA00C24FC1 /* DDFileLogger.m */,
				53F15F65162B9FCA00C24FC1 /* DDLog.h */,
				53F15F66162B9FCA00C24FC1 /* DDLog.m */,
				53F15F67162B9FCA00C24FC1 /* DDTTYLogger.h */,
				53F15F68162B9FCA00C24FC1 /* DDTTYLogger.m */,
				53F15F69162B9FCA00C24FC1 /* Extensions */,
			);
			path = Lumberjack;
			sourceTree = "<group>";
		};
		53F15F69162B9FCA00C24FC1 /* Extensions */ = {
			isa = PBXGroup;
			children = (
				53F15F6A162B9FCA00C24FC1 /* ContextFilterLogFormatter.h */,
				53F15F6B162B9FCA00C24FC1 /* ContextFilterLogFormatter.m */,
				53F15F6C162B9FCA00C24FC1 /* DispatchQueueLogFormatter.h */,
				53F15F6D162B9FCA00C24FC1 /* DispatchQueueLogFormatter.m */,
				53F15F6E162B9FCA00C24FC1 /* README.txt */,
			);
			path = Extensions;
			sourceTree = "<group>";
		};
		53F15F72162B9FCA00C24FC1 /* Macros */ = {
			isa = PBXGroup;
			children = (
				53F15F73162B9FCA00C24FC1 /* EX2Macros.h */,
			);
			path = Macros;
			sourceTree = "<group>";
		};
		53F15F74162B9FCA00C24FC1 /* Static */ = {
			isa = PBXGroup;
			children = (
				53F15F77162B9FCA00C24FC1 /* EX2Static.h */,
				53F15F75162B9FCA00C24FC1 /* EX2Dispatch.h */,
				53F15F76162B9FCA00C24FC1 /* EX2Dispatch.m */,
			);
			path = Static;
			sourceTree = "<group>";
		};
		53F15F78162B9FCA00C24FC1 /* UIComponents */ = {
			isa = PBXGroup;
			children = (
				53F15F84162B9FCA00C24FC1 /* EX2UIComponents.h */,
				53F15F79162B9FCA00C24FC1 /* EX2NavigationController.h */,
				53F15F7A162B9FCA00C24FC1 /* EX2NavigationController.m */,
				53F15F7B162B9FCA00C24FC1 /* EX2NotificationBar.h */,
				53F15F7C162B9FCA00C24FC1 /* EX2NotificationBar.m */,
				53F15F7D162B9FCA00C24FC1 /* EX2NotificationBar.xib */,
				53F15F7E162B9FCA00C24FC1 /* EX2SlidingNotification.h */,
				53F15F7F162B9FCA00C24FC1 /* EX2SlidingNotification.m */,
				53F15F80162B9FCA00C24FC1 /* EX2SlidingNotification.xib */,
				53F15F81162B9FCA00C24FC1 /* EX2TabBarController.h */,
				53F15F82162B9FCA00C24FC1 /* EX2TabBarController.m */,
				53F15F83162B9FCA00C24FC1 /* EX2TabBarController.xib */,
				53F15F85162B9FCA00C24FC1 /* SnappySlider.h */,
				53F15F86162B9FCA00C24FC1 /* SnappySlider.m */,
			);
			path = UIComponents;
			sourceTree = "<group>";
		};
/* End PBXGroup section */

/* Begin PBXHeadersBuildPhase section */
		5373A930162DD6D70016A019 /* Headers */ = {
			isa = PBXHeadersBuildPhase;
			buildActionMask = 2147483647;
			files = (
				5373A931162DD71F0016A019 /* EX2Kit.h in Headers */,
				5373A95D162DD7430016A019 /* EX2Components.h in Headers */,
				5373A95E162DD7430016A019 /* EX2FileDecryptor.h in Headers */,
				5373A95F162DD7430016A019 /* EX2FileEncryptor.h in Headers */,
				5373A960162DD7430016A019 /* EX2NetworkIndicator.h in Headers */,
				5373A961162DD7430016A019 /* EX2Reachability.h in Headers */,
				5373A962162DD7430016A019 /* EX2RingBuffer.h in Headers */,
				5373A963162DD7430016A019 /* EX2SimpleConnectionQueue.h in Headers */,
				5373A964162DD7430016A019 /* EX2Macros.h in Headers */,
				5373A965162DD7430016A019 /* EX2Static.h in Headers */,
				5373A966162DD7430016A019 /* EX2Dispatch.h in Headers */,
				5373A967162DD7430016A019 /* EX2UIComponents.h in Headers */,
				5373A968162DD7430016A019 /* EX2NavigationController.h in Headers */,
				5373A969162DD7430016A019 /* EX2NotificationBar.h in Headers */,
				5373A96A162DD7430016A019 /* EX2SlidingNotification.h in Headers */,
				5373A96B162DD7430016A019 /* EX2TabBarController.h in Headers */,
				5373A96C162DD7430016A019 /* SnappySlider.h in Headers */,
				5373A96D162DD7430016A019 /* CommonKeyDerivation.h in Headers */,
				5373A96E162DD7430016A019 /* CommonKeyDerivationPriv.h in Headers */,
				5373A96F162DD7430016A019 /* CocoaLumberjack.h in Headers */,
				5373A970162DD7430016A019 /* DDAbstractDatabaseLogger.h in Headers */,
				5373A971162DD7430016A019 /* DDASLLogger.h in Headers */,
				5373A972162DD7430016A019 /* DDFileLogger.h in Headers */,
				5373A973162DD7430016A019 /* DDLog.h in Headers */,
				5373A974162DD7430016A019 /* DDTTYLogger.h in Headers */,
				5373A975162DD7430016A019 /* ContextFilterLogFormatter.h in Headers */,
				5373A976162DD7430016A019 /* DispatchQueueLogFormatter.h in Headers */,
				5373A977162DD7430016A019 /* RNCryptor.h in Headers */,
				5373A932162DD71F0016A019 /* EX2Categories.h in Headers */,
				5373A933162DD71F0016A019 /* EX2FoundationCategories.h in Headers */,
				5373A934162DD71F0016A019 /* NSArray+Additions.h in Headers */,
				5373A935162DD71F0016A019 /* NSArray+FirstObject.h in Headers */,
				5373A936162DD71F0016A019 /* NSArray+Safe.h in Headers */,
				5373A937162DD71F0016A019 /* NSMutableArray+Safe.h in Headers */,
				5373A938162DD71F0016A019 /* NSData+AES128.h in Headers */,
				5373A939162DD71F0016A019 /* NSData+Base64.h in Headers */,
				5373A93A162DD71F0016A019 /* NSData+Gzip.h in Headers */,
				5373A93B162DD71F0016A019 /* NSDate+UTC.h in Headers */,
				5373A93C162DD71F0016A019 /* NSMutableDictionary+Safe.h in Headers */,
				5373A93D162DD71F0016A019 /* NSNotificationCenter+MainThread.h in Headers */,
				5373A93E162DD71F0016A019 /* NSObject+ListMethods.h in Headers */,
				5373A93F162DD71F0016A019 /* GTMDefines.h in Headers */,
				5373A940162DD71F0016A019 /* GTMNSString+HTML.h in Headers */,
				5373A941162DD71F0016A019 /* NSString+Additions.h in Headers */,
				5373A942162DD71F0016A019 /* NSString+Clean.h in Headers */,
				5373A943162DD71F0016A019 /* NSString+compareWithoutIndefiniteArticles.h in Headers */,
				5373A944162DD71F0016A019 /* NSString+cStringUTF8.h in Headers */,
				5373A945162DD71F0016A019 /* NSString+FileSize.h in Headers */,
				5373A946162DD71F0016A019 /* NSString+Gzip.h in Headers */,
				5373A947162DD71F0016A019 /* NSString+hex.h in Headers */,
				5373A948162DD71F0016A019 /* NSString+md5.h in Headers */,
				5373A949162DD71F0016A019 /* NSString+rfcEncode.h in Headers */,
				5373A94A162DD71F0016A019 /* NSString+SHA1.h in Headers */,
				5373A94B162DD71F0016A019 /* NSString+time.h in Headers */,
				5373A94C162DD71F0016A019 /* NSString+TrimmingAdditions.h in Headers */,
				5373A94D162DD71F0016A019 /* NSString+URLEncode.h in Headers */,
				5373A94E162DD71F0016A019 /* NSString+Validation.h in Headers */,
				5373A94F162DD71F0016A019 /* EX2QuartzCoreCategories.h in Headers */,
				5373A950162DD71F0016A019 /* CALayer+ImageFromLayer.h in Headers */,
				5373A951162DD71F0016A019 /* CALayer+SublayerWithName.h in Headers */,
				5373A952162DD71F0016A019 /* EX2UIKitCategories.h in Headers */,
				5373A953162DD71F0016A019 /* UIBezierPath+Smoothing.h in Headers */,
				5373A954162DD71F0016A019 /* UIColor+ColorWithHex.h in Headers */,
				5373A955162DD71F0016A019 /* UIDevice+Hardware.h in Headers */,
				5373A956162DD71F0016A019 /* UIDevice+Software.h in Headers */,
				5373A957162DD71F0016A019 /* UIImage+CustomStretch.h in Headers */,
				5373A958162DD71F0016A019 /* UIImage+Tint.h in Headers */,
				5373A959162DD71F0016A019 /* UIImageView+Reflection.h in Headers */,
				5373A95A162DD71F0016A019 /* UITableView+Shadows.h in Headers */,
				5373A95B162DD71F0016A019 /* UIView+Tools.h in Headers */,
				5373A95C162DD71F0016A019 /* UIViewController+IsVisible.h in Headers */,
				5339E1821635E93A007628C0 /* NSString+HasValue.h in Headers */,
				531CF183163D064A008F8AA7 /* UIImage+Cropping.h in Headers */,
			);
			runOnlyForDeploymentPostprocessing = 0;
		};
/* End PBXHeadersBuildPhase section */

/* Begin PBXNativeTarget section */
		53F15ED6162B9F1B00C24FC1 /* EX2Kit */ = {
			isa = PBXNativeTarget;
			buildConfigurationList = 53F15EE2162B9F1B00C24FC1 /* Build configuration list for PBXNativeTarget "EX2Kit" */;
			buildPhases = (
				53F15ED3162B9F1B00C24FC1 /* Sources */,
				53F15ED4162B9F1B00C24FC1 /* Frameworks */,
				53F15ED5162B9F1B00C24FC1 /* CopyFiles */,
				5373A930162DD6D70016A019 /* Headers */,
			);
			buildRules = (
			);
			dependencies = (
			);
			name = EX2Kit;
			productName = EX2Kit;
			productReference = 53F15ED7162B9F1B00C24FC1 /* libEX2Kit.a */;
			productType = "com.apple.product-type.library.static";
		};
		53F15EE8162B9F6800C24FC1 /* EX2KitResources */ = {
			isa = PBXNativeTarget;
			buildConfigurationList = 53F15EF3162B9F6800C24FC1 /* Build configuration list for PBXNativeTarget "EX2KitResources" */;
			buildPhases = (
				53F15EE5162B9F6800C24FC1 /* Sources */,
				53F15EE6162B9F6800C24FC1 /* Frameworks */,
				53F15EE7162B9F6800C24FC1 /* Resources */,
			);
			buildRules = (
			);
			dependencies = (
			);
			name = EX2KitResources;
			productName = EX2KitResources;
			productReference = 53F15EE9162B9F6800C24FC1 /* EX2KitResources.bundle */;
			productType = "com.apple.product-type.bundle";
		};
/* End PBXNativeTarget section */

/* Begin PBXProject section */
		53D44E9615AA56C700CDD3B8 /* Project object */ = {
			isa = PBXProject;
			attributes = {
				LastUpgradeCheck = 0430;
			};
			buildConfigurationList = 53D44E9915AA56C700CDD3B8 /* Build configuration list for PBXProject "EX2Kit" */;
			compatibilityVersion = "Xcode 3.2";
			developmentRegion = English;
			hasScannedForEncodings = 0;
			knownRegions = (
				en,
			);
			mainGroup = 53D44E9415AA56C700CDD3B8;
			productRefGroup = 53D44EA415AA56C700CDD3B8 /* Products */;
			projectDirPath = "";
			projectRoot = "";
			targets = (
				53F15ED6162B9F1B00C24FC1 /* EX2Kit */,
				53F15EE8162B9F6800C24FC1 /* EX2KitResources */,
			);
		};
/* End PBXProject section */

/* Begin PBXResourcesBuildPhase section */
		53F15EE7162B9F6800C24FC1 /* Resources */ = {
			isa = PBXResourcesBuildPhase;
			buildActionMask = 2147483647;
			files = (
				53F15FC0162BA05A00C24FC1 /* EX2NotificationBar.xib in Resources */,
				53F15FC1162BA05A00C24FC1 /* EX2SlidingNotification.xib in Resources */,
				53F15FC2162BA05A00C24FC1 /* EX2TabBarController.xib in Resources */,
				53F15EF1162B9F6800C24FC1 /* InfoPlist.strings in Resources */,
			);
			runOnlyForDeploymentPostprocessing = 0;
		};
/* End PBXResourcesBuildPhase section */

/* Begin PBXSourcesBuildPhase section */
		53F15ED3162B9F1B00C24FC1 /* Sources */ = {
			isa = PBXSourcesBuildPhase;
			buildActionMask = 2147483647;
			files = (
				53F15F87162B9FCA00C24FC1 /* NSArray+FirstObject.m in Sources */,
				53F15F88162B9FCA00C24FC1 /* NSArray+Safe.m in Sources */,
				53F15F89162B9FCA00C24FC1 /* NSMutableArray+Safe.m in Sources */,
				53F15F8A162B9FCA00C24FC1 /* NSData+AES128.m in Sources */,
				53F15F8B162B9FCA00C24FC1 /* NSData+Base64.m in Sources */,
				53F15F8C162B9FCA00C24FC1 /* NSData+Gzip.m in Sources */,
				53F15F8D162B9FCA00C24FC1 /* NSDate+UTC.m in Sources */,
				53F15F8E162B9FCA00C24FC1 /* NSMutableDictionary+Safe.m in Sources */,
				53F15F8F162B9FCA00C24FC1 /* NSNotificationCenter+MainThread.m in Sources */,
				53F15F90162B9FCA00C24FC1 /* NSObject+ListMethods.m in Sources */,
				53F15F91162B9FCA00C24FC1 /* GTMNSString+HTML.m in Sources */,
				53F15F92162B9FCA00C24FC1 /* NSString+Clean.m in Sources */,
				53F15F93162B9FCA00C24FC1 /* NSString+compareWithoutIndefiniteArticles.m in Sources */,
				53F15F94162B9FCA00C24FC1 /* NSString+cStringUTF8.m in Sources */,
				53F15F95162B9FCA00C24FC1 /* NSString+FileSize.m in Sources */,
				53F15F96162B9FCA00C24FC1 /* NSString+Gzip.m in Sources */,
				53F15F97162B9FCA00C24FC1 /* NSString+hex.m in Sources */,
				53F15F98162B9FCA00C24FC1 /* NSString+md5.m in Sources */,
				53F15F99162B9FCA00C24FC1 /* NSString+rfcEncode.m in Sources */,
				53F15F9A162B9FCA00C24FC1 /* NSString+SHA1.m in Sources */,
				53F15F9B162B9FCA00C24FC1 /* NSString+time.m in Sources */,
				53F15F9C162B9FCA00C24FC1 /* NSString+TrimmingAdditions.m in Sources */,
				53F15F9D162B9FCA00C24FC1 /* NSString+URLEncode.m in Sources */,
				53F15F9E162B9FCA00C24FC1 /* NSString+Validation.m in Sources */,
				53F15F9F162B9FCA00C24FC1 /* CALayer+ImageFromLayer.m in Sources */,
				53F15FA0162B9FCA00C24FC1 /* CALayer+SublayerWithName.m in Sources */,
				53F15FA1162B9FCA00C24FC1 /* UIBezierPath+Smoothing.m in Sources */,
				53F15FA2162B9FCA00C24FC1 /* UIColor+ColorWithHex.m in Sources */,
				53F15FA3162B9FCA00C24FC1 /* UIDevice+Hardware.m in Sources */,
				53F15FA4162B9FCA00C24FC1 /* UIDevice+Software.m in Sources */,
				53F15FA5162B9FCA00C24FC1 /* UIImage+CustomStretch.m in Sources */,
				53F15FA6162B9FCA00C24FC1 /* UIImage+Tint.m in Sources */,
				53F15FA7162B9FCA00C24FC1 /* UIImageView+Reflection.m in Sources */,
				53F15FA8162B9FCA00C24FC1 /* UITableView+Shadows.m in Sources */,
				53F15FA9162B9FCA00C24FC1 /* UIView+Tools.m in Sources */,
				53F15FAA162B9FCA00C24FC1 /* UIViewController+IsVisible.m in Sources */,
				53F15FAB162B9FCA00C24FC1 /* EX2FileDecryptor.m in Sources */,
				53F15FAC162B9FCA00C24FC1 /* EX2FileEncryptor.m in Sources */,
				53F15FAD162B9FCA00C24FC1 /* EX2NetworkIndicator.m in Sources */,
				53F15FAE162B9FCA00C24FC1 /* EX2Reachability.m in Sources */,
				53F15FAF162B9FCA00C24FC1 /* EX2RingBuffer.m in Sources */,
				53F15FB0162B9FCA00C24FC1 /* EX2SimpleConnectionQueue.m in Sources */,
				53F15FB1162B9FCA00C24FC1 /* CommonKeyDerivation.c in Sources */,
				53F15FB2162B9FCA00C24FC1 /* DDAbstractDatabaseLogger.m in Sources */,
				53F15FB3162B9FCA00C24FC1 /* DDASLLogger.m in Sources */,
				53F15FB4162B9FCA00C24FC1 /* DDFileLogger.m in Sources */,
				53F15FB5162B9FCA00C24FC1 /* DDLog.m in Sources */,
				53F15FB6162B9FCA00C24FC1 /* DDTTYLogger.m in Sources */,
				53F15FB7162B9FCA00C24FC1 /* ContextFilterLogFormatter.m in Sources */,
				53F15FB8162B9FCA00C24FC1 /* DispatchQueueLogFormatter.m in Sources */,
				53F15FB9162B9FCA00C24FC1 /* RNCryptor.m in Sources */,
				53F15FBA162B9FCA00C24FC1 /* EX2Dispatch.m in Sources */,
				53F15FBB162B9FCA00C24FC1 /* EX2NavigationController.m in Sources */,
				53F15FBC162B9FCA00C24FC1 /* EX2NotificationBar.m in Sources */,
				53F15FBD162B9FCA00C24FC1 /* EX2SlidingNotification.m in Sources */,
				53F15FBE162B9FCA00C24FC1 /* EX2TabBarController.m in Sources */,
				53F15FBF162B9FCA00C24FC1 /* SnappySlider.m in Sources */,
				5339E1831635E93A007628C0 /* NSString+HasValue.m in Sources */,
				5339E20416360B9F007628C0 /* EX2Kit.m in Sources */,
				531CF184163D064A008F8AA7 /* UIImage+Cropping.m in Sources */,
			);
			runOnlyForDeploymentPostprocessing = 0;
		};
		53F15EE5162B9F6800C24FC1 /* Sources */ = {
			isa = PBXSourcesBuildPhase;
			buildActionMask = 2147483647;
			files = (
			);
			runOnlyForDeploymentPostprocessing = 0;
		};
/* End PBXSourcesBuildPhase section */

/* Begin PBXVariantGroup section */
		53D44EA815AA56C700CDD3B8 /* InfoPlist.strings */ = {
			isa = PBXVariantGroup;
			children = (
				53D44EA915AA56C700CDD3B8 /* en */,
			);
			name = InfoPlist.strings;
			sourceTree = "<group>";
		};
		53F15EEF162B9F6800C24FC1 /* InfoPlist.strings */ = {
			isa = PBXVariantGroup;
			children = (
				53F15EF0162B9F6800C24FC1 /* en */,
			);
			name = InfoPlist.strings;
			sourceTree = "<group>";
		};
/* End PBXVariantGroup section */

/* Begin XCBuildConfiguration section */
		53D44EAC15AA56C700CDD3B8 /* Debug */ = {
			isa = XCBuildConfiguration;
			buildSettings = {
				ALWAYS_SEARCH_USER_PATHS = NO;
				ARCHS = "$(VALID_ARCHS)";
				CLANG_ENABLE_OBJC_ARC = YES;
				COPY_PHASE_STRIP = NO;
				GCC_C_LANGUAGE_STANDARD = gnu99;
				GCC_DYNAMIC_NO_PIC = NO;
				GCC_OPTIMIZATION_LEVEL = 0;
				GCC_PREPROCESSOR_DEFINITIONS = (
					"DEBUG=1",
					"$(inherited)",
				);
				GCC_SYMBOLS_PRIVATE_EXTERN = NO;
				GCC_VERSION = com.apple.compilers.llvm.clang.1_0;
				GCC_WARN_ABOUT_RETURN_TYPE = YES;
				GCC_WARN_UNINITIALIZED_AUTOS = YES;
				GCC_WARN_UNUSED_VARIABLE = YES;
				IPHONEOS_DEPLOYMENT_TARGET = 5.0;
				SDKROOT = iphoneos;
				SKIP_INSTALL = YES;
			};
			name = Debug;
		};
		53D44EAD15AA56C700CDD3B8 /* Release */ = {
			isa = XCBuildConfiguration;
			buildSettings = {
				ALWAYS_SEARCH_USER_PATHS = NO;
				ARCHS = "$(VALID_ARCHS)";
				CLANG_ENABLE_OBJC_ARC = YES;
				COPY_PHASE_STRIP = YES;
				GCC_C_LANGUAGE_STANDARD = gnu99;
				GCC_VERSION = com.apple.compilers.llvm.clang.1_0;
				GCC_WARN_ABOUT_RETURN_TYPE = YES;
				GCC_WARN_UNINITIALIZED_AUTOS = YES;
				GCC_WARN_UNUSED_VARIABLE = YES;
				IPHONEOS_DEPLOYMENT_TARGET = 5.0;
				SDKROOT = iphoneos;
				SKIP_INSTALL = YES;
				VALIDATE_PRODUCT = YES;
			};
			name = Release;
		};
		53F15EE3162B9F1B00C24FC1 /* Debug */ = {
			isa = XCBuildConfiguration;
			buildSettings = {
				ARCHS = "$(ARCHS_STANDARD_32_BIT)";
				CLANG_CXX_LANGUAGE_STANDARD = "gnu++0x";
				CLANG_CXX_LIBRARY = "libc++";
				CLANG_WARN_EMPTY_BODY = YES;
				CLANG_WARN__DUPLICATE_METHOD_MATCH = YES;
				DSTROOT = /tmp/EX2Kit.dst;
				GCC_PRECOMPILE_PREFIX_HEADER = YES;
				GCC_PREFIX_HEADER = "EX2Kit/EX2Kit-Prefix.pch";
				IPHONEOS_DEPLOYMENT_TARGET = 4.3;
				ONLY_ACTIVE_ARCH = NO;
				OTHER_LDFLAGS = "-ObjC";
				PRODUCT_NAME = "$(TARGET_NAME)";
				PUBLIC_HEADERS_FOLDER_PATH = "include/$(TARGET_NAME)";
				SKIP_INSTALL = YES;
			};
			name = Debug;
		};
		53F15EE4162B9F1B00C24FC1 /* Release */ = {
			isa = XCBuildConfiguration;
			buildSettings = {
				ARCHS = "$(ARCHS_STANDARD_32_BIT)";
				CLANG_CXX_LANGUAGE_STANDARD = "gnu++0x";
				CLANG_CXX_LIBRARY = "libc++";
				CLANG_WARN_EMPTY_BODY = YES;
				CLANG_WARN__DUPLICATE_METHOD_MATCH = YES;
				DSTROOT = /tmp/EX2Kit.dst;
				GCC_PRECOMPILE_PREFIX_HEADER = YES;
				GCC_PREFIX_HEADER = "EX2Kit/EX2Kit-Prefix.pch";
				IPHONEOS_DEPLOYMENT_TARGET = 4.3;
				OTHER_LDFLAGS = "-ObjC";
				PRODUCT_NAME = "$(TARGET_NAME)";
				PUBLIC_HEADERS_FOLDER_PATH = "include/$(TARGET_NAME)";
				SKIP_INSTALL = YES;
			};
			name = Release;
		};
		53F15EF4162B9F6800C24FC1 /* Debug */ = {
			isa = XCBuildConfiguration;
			buildSettings = {
				ARCHS = "$(ARCHS_STANDARD_32_BIT)";
				CLANG_CXX_LANGUAGE_STANDARD = "gnu++0x";
				CLANG_CXX_LIBRARY = "libc++";
				CLANG_WARN_EMPTY_BODY = YES;
				CLANG_WARN__DUPLICATE_METHOD_MATCH = YES;
				COMBINE_HIDPI_IMAGES = YES;
				GCC_ENABLE_OBJC_EXCEPTIONS = YES;
				GCC_PRECOMPILE_PREFIX_HEADER = YES;
				GCC_PREFIX_HEADER = "EX2KitResources/EX2KitResources-Prefix.pch";
				GCC_WARN_64_TO_32_BIT_CONVERSION = YES;
				INFOPLIST_FILE = "EX2KitResources/EX2KitResources-Info.plist";
				INSTALL_PATH = "$(LOCAL_LIBRARY_DIR)/Bundles";
				IPHONEOS_DEPLOYMENT_TARGET = 4.3;
				MACOSX_DEPLOYMENT_TARGET = 10.8;
				ONLY_ACTIVE_ARCH = NO;
				PRODUCT_NAME = "$(TARGET_NAME)";
				SDKROOT = iphoneos;
				SKIP_INSTALL = YES;
				SUPPORTED_PLATFORMS = "iphonesimulator iphoneos";
				WRAPPER_EXTENSION = bundle;
			};
			name = Debug;
		};
		53F15EF5162B9F6800C24FC1 /* Release */ = {
			isa = XCBuildConfiguration;
			buildSettings = {
				ARCHS = "$(ARCHS_STANDARD_32_BIT)";
				CLANG_CXX_LANGUAGE_STANDARD = "gnu++0x";
				CLANG_CXX_LIBRARY = "libc++";
				CLANG_WARN_EMPTY_BODY = YES;
				CLANG_WARN__DUPLICATE_METHOD_MATCH = YES;
				COMBINE_HIDPI_IMAGES = YES;
				DEBUG_INFORMATION_FORMAT = "dwarf-with-dsym";
				GCC_ENABLE_OBJC_EXCEPTIONS = YES;
				GCC_PRECOMPILE_PREFIX_HEADER = YES;
				GCC_PREFIX_HEADER = "EX2KitResources/EX2KitResources-Prefix.pch";
				GCC_WARN_64_TO_32_BIT_CONVERSION = YES;
				INFOPLIST_FILE = "EX2KitResources/EX2KitResources-Info.plist";
				INSTALL_PATH = "$(LOCAL_LIBRARY_DIR)/Bundles";
				IPHONEOS_DEPLOYMENT_TARGET = 4.3;
				MACOSX_DEPLOYMENT_TARGET = 10.8;
				PRODUCT_NAME = "$(TARGET_NAME)";
				SDKROOT = iphoneos;
				SKIP_INSTALL = YES;
				SUPPORTED_PLATFORMS = "iphonesimulator iphoneos";
				WRAPPER_EXTENSION = bundle;
			};
			name = Release;
		};
/* End XCBuildConfiguration section */

/* Begin XCConfigurationList section */
		53D44E9915AA56C700CDD3B8 /* Build configuration list for PBXProject "EX2Kit" */ = {
			isa = XCConfigurationList;
			buildConfigurations = (
				53D44EAC15AA56C700CDD3B8 /* Debug */,
				53D44EAD15AA56C700CDD3B8 /* Release */,
			);
			defaultConfigurationIsVisible = 0;
			defaultConfigurationName = Release;
		};
		53F15EE2162B9F1B00C24FC1 /* Build configuration list for PBXNativeTarget "EX2Kit" */ = {
			isa = XCConfigurationList;
			buildConfigurations = (
				53F15EE3162B9F1B00C24FC1 /* Debug */,
				53F15EE4162B9F1B00C24FC1 /* Release */,
			);
			defaultConfigurationIsVisible = 0;
			defaultConfigurationName = Release;
		};
		53F15EF3162B9F6800C24FC1 /* Build configuration list for PBXNativeTarget "EX2KitResources" */ = {
			isa = XCConfigurationList;
			buildConfigurations = (
				53F15EF4162B9F6800C24FC1 /* Debug */,
				53F15EF5162B9F6800C24FC1 /* Release */,
			);
			defaultConfigurationIsVisible = 0;
			defaultConfigurationName = Release;
		};
/* End XCConfigurationList section */
	};
	rootObject = 53D44E9615AA56C700CDD3B8 /* Project object */;
}
